PODS:
  - AFNetworking (4.0.1):
    - AFNetworking/NSURLSession (= 4.0.1)
    - AFNetworking/Reachability (= 4.0.1)
    - AFNetworking/Security (= 4.0.1)
    - AFNetworking/Serialization (= 4.0.1)
    - AFNetworking/UIKit (= 4.0.1)
  - AFNetworking/NSURLSession (4.0.1):
    - AFNetworking/Reachability
    - AFNetworking/Security
    - AFNetworking/Serialization
  - AFNetworking/Reachability (4.0.1)
  - AFNetworking/Security (4.0.1)
  - AFNetworking/Serialization (4.0.1)
  - AFNetworking/UIKit (4.0.1):
    - AFNetworking/NSURLSession
  - CocoaSecurity (1.2.4)
  - EventSource (1.0.4)
  - FLAnimatedImage (1.0.17)
  - HWPanModal (0.9.9)
  - IQKeyboardManager (6.5.19)
  - JXCategoryView (1.6.8)
  - JXPagingView/Pager (2.1.3)
  - KVOController (1.2.0)
  - LYEmptyView (1.3.1)
  - Masonry (1.1.0)
  - MJExtension (3.4.2)
  - MJRefresh (3.7.9)
  - SandBoxPreviewTool (1.2.2)
  - SDWebImage (5.21.1):
    - SDWebImage/Core (= 5.21.1)
  - SDWebImage/Core (5.21.1)
  - SPButton (3.1.0)
  - SVProgressHUD (2.3.1):
    - SVProgressHUD/Core (= 2.3.1)
  - SVProgressHUD/Core (2.3.1)
  - WRNavigationBar (1.4.0)

DEPENDENCIES:
  - AFNetworking
  - CocoaSecurity
  - EventSource
  - FLAnimatedImage
  - HWPanModal
  - IQKeyboardManager
  - JXCategoryView
  - JXPagingView/Pager
  - KVOController
  - LYEmptyView
  - Masonry
  - MJExtension
  - MJRefresh
  - SandBoxPreviewTool
  - SDWebImage
  - SPButton
  - SVProgressHUD
  - WRNavigationBar

SPEC REPOS:
  trunk:
    - AFNetworking
    - CocoaSecurity
    - EventSource
    - FLAnimatedImage
    - HWPanModal
    - IQKeyboardManager
    - JXCategoryView
    - JXPagingView
    - KVOController
    - LYEmptyView
    - Masonry
    - MJExtension
    - MJRefresh
    - SandBoxPreviewTool
    - SDWebImage
    - SPButton
    - SVProgressHUD
    - WRNavigationBar

SPEC CHECKSUMS:
  AFNetworking: 3bd23d814e976cd148d7d44c3ab78017b744cd58
  CocoaSecurity: d288a6f87e0f363823d2cb83e753814a6944f71a
  EventSource: f7a143f7d87592a4adf2a8545bdb10701b5acf0e
  FLAnimatedImage: bbf914596368867157cc71b38a8ec834b3eeb32b
  HWPanModal: b57a6717d3cdcd666bff44f9dd2a5be9f4d6f5d2
  IQKeyboardManager: c8665b3396bd0b79402b4c573eac345a31c7d485
  JXCategoryView: 262d503acea0b1278c79a1c25b7332ffaef4d518
  JXPagingView: afdd2e9af09c90160dd232b970d603cc6e7ddd0e
  KVOController: d72ace34afea42468329623b3379ab3cd1d286b6
  LYEmptyView: b6d418cfa38b78df0cf243f9a9c25ccbdc399922
  Masonry: 678fab65091a9290e40e2832a55e7ab731aad201
  MJExtension: e97d164cb411aa9795cf576093a1fa208b4a8dd8
  MJRefresh: ff9e531227924c84ce459338414550a05d2aea78
  SandBoxPreviewTool: 2a29c89844b985c1f45370ba13f4cdd8c56375c0
  SDWebImage: f29024626962457f3470184232766516dee8dfea
  SPButton: e62bd94377cf90e9599b1a3b996d2ff8dd73007a
  SVProgressHUD: 4837c74bdfe2e51e8821c397825996a8d7de6e22
  WRNavigationBar: 10bfdf96addf14d640d07c2ef08a029c18d8af10

PODFILE CHECKSUM: 3ace9d26b9c8c5e5755f50460b0ddfc3f206b8fe

COCOAPODS: 1.15.2
