// !$*UTF8*$!
{
	archiveVersion = 1;
	classes = {
	};
	objectVersion = 63;
	objects = {

/* Begin PBXBuildFile section */
		047473152E52F271004AFE7D /* MGPersonalController.m in Sources */ = {isa = PBXBuildFile; fileRef = 047473142E52F271004AFE7D /* MGPersonalController.m */; };
		047473182E52F306004AFE7D /* MGPersonalCell.m in Sources */ = {isa = PBXBuildFile; fileRef = 047473172E52F306004AFE7D /* MGPersonalCell.m */; };
		0474731A2E52F323004AFE7D /* MGPersonalCell.xib in Resources */ = {isa = PBXBuildFile; fileRef = 047473192E52F323004AFE7D /* MGPersonalCell.xib */; };
		0474731D2E52F829004AFE7D /* MGPointsListCell.m in Sources */ = {isa = PBXBuildFile; fileRef = 0474731C2E52F829004AFE7D /* MGPointsListCell.m */; };
		0474731F2E52F84D004AFE7D /* MGPointsListCell.xib in Resources */ = {isa = PBXBuildFile; fileRef = 0474731E2E52F84D004AFE7D /* MGPointsListCell.xib */; };
		047473222E52F9A8004AFE7D /* MGPointsListController.m in Sources */ = {isa = PBXBuildFile; fileRef = 047473212E52F9A8004AFE7D /* MGPointsListController.m */; };
		047473252E532386004AFE7D /* MGMainContainerController.m in Sources */ = {isa = PBXBuildFile; fileRef = 047473242E532386004AFE7D /* MGMainContainerController.m */; };
		047473292E5413ED004AFE7D /* MGInviteFriendsController.xib in Resources */ = {isa = PBXBuildFile; fileRef = 047473282E5413ED004AFE7D /* MGInviteFriendsController.xib */; };
		0474732A2E5413ED004AFE7D /* MGInviteFriendsController.m in Sources */ = {isa = PBXBuildFile; fileRef = 047473272E5413ED004AFE7D /* MGInviteFriendsController.m */; };
		0474732D2E542458004AFE7D /* MGMemberController.m in Sources */ = {isa = PBXBuildFile; fileRef = 0474732C2E542458004AFE7D /* MGMemberController.m */; };
		047473302E54248F004AFE7D /* MGMemberHeader.m in Sources */ = {isa = PBXBuildFile; fileRef = 0474732F2E54248F004AFE7D /* MGMemberHeader.m */; };
		047473322E54249A004AFE7D /* MGMemberHeader.xib in Resources */ = {isa = PBXBuildFile; fileRef = 047473312E54249A004AFE7D /* MGMemberHeader.xib */; };
		047473352E542AE0004AFE7D /* MGMemberListController.m in Sources */ = {isa = PBXBuildFile; fileRef = 047473342E542AE0004AFE7D /* MGMemberListController.m */; };
		047473432E559E98004AFE7D /* MGImageManager.m in Sources */ = {isa = PBXBuildFile; fileRef = 047473422E559E98004AFE7D /* MGImageManager.m */; };
		047473472E55ABE6004AFE7D /* MGAssetModel.m in Sources */ = {isa = PBXBuildFile; fileRef = 047473462E55ABE6004AFE7D /* MGAssetModel.m */; };
		0474734B2E55C1C1004AFE7D /* MGAlbumPhotoListCell.m in Sources */ = {isa = PBXBuildFile; fileRef = 047473492E55C1C1004AFE7D /* MGAlbumPhotoListCell.m */; };
		0474734C2E55C1C1004AFE7D /* MGAlbumPhotoListCell.xib in Resources */ = {isa = PBXBuildFile; fileRef = 0474734A2E55C1C1004AFE7D /* MGAlbumPhotoListCell.xib */; };
		04A9F2FE2E4AE1EA005F3FC2 /* AppDelegate.m in Sources */ = {isa = PBXBuildFile; fileRef = 04A9F2F52E4AE1EA005F3FC2 /* AppDelegate.m */; };
		04A9F2FF2E4AE1EA005F3FC2 /* main.m in Sources */ = {isa = PBXBuildFile; fileRef = 04A9F2FA2E4AE1EA005F3FC2 /* main.m */; };
		04A9F3012E4AE1EA005F3FC2 /* Assets.xcassets in Resources */ = {isa = PBXBuildFile; fileRef = 04A9F2F62E4AE1EA005F3FC2 /* Assets.xcassets */; };
		04A9F3032E4AE1EA005F3FC2 /* LaunchScreen.storyboard in Resources */ = {isa = PBXBuildFile; fileRef = 04A9F2F92E4AE1EA005F3FC2 /* LaunchScreen.storyboard */; };
		04A9F32A2E4AE6D3005F3FC2 /* UIView+GradientColors.m in Sources */ = {isa = PBXBuildFile; fileRef = 04A9F3222E4AE6D3005F3FC2 /* UIView+GradientColors.m */; };
		04A9F32B2E4AE6D3005F3FC2 /* NSLayoutConstraint+BSIBDesignable.m in Sources */ = {isa = PBXBuildFile; fileRef = 04A9F31A2E4AE6D3005F3FC2 /* NSLayoutConstraint+BSIBDesignable.m */; };
		04A9F32C2E4AE6D3005F3FC2 /* UIView+Toast.m in Sources */ = {isa = PBXBuildFile; fileRef = 04A9F3282E4AE6D3005F3FC2 /* UIView+Toast.m */; };
		04A9F32D2E4AE6D3005F3FC2 /* UIView+LPRadius.m in Sources */ = {isa = PBXBuildFile; fileRef = 04A9F3262E4AE6D3005F3FC2 /* UIView+LPRadius.m */; };
		04A9F32E2E4AE6D3005F3FC2 /* UIImage+LP.m in Sources */ = {isa = PBXBuildFile; fileRef = 04A9F3202E4AE6D3005F3FC2 /* UIImage+LP.m */; };
		04A9F32F2E4AE6D3005F3FC2 /* NSString+LP.m in Sources */ = {isa = PBXBuildFile; fileRef = 04A9F31C2E4AE6D3005F3FC2 /* NSString+LP.m */; };
		04A9F3302E4AE6D3005F3FC2 /* UIView+Layout.m in Sources */ = {isa = PBXBuildFile; fileRef = 04A9F3242E4AE6D3005F3FC2 /* UIView+Layout.m */; };
		04A9F3312E4AE6D3005F3FC2 /* UIhelpTools.m in Sources */ = {isa = PBXBuildFile; fileRef = 04A9F31E2E4AE6D3005F3FC2 /* UIhelpTools.m */; };
		04A9F3322E4AE6D3005F3FC2 /* NSDate+Helper.m in Sources */ = {isa = PBXBuildFile; fileRef = 04A9F3182E4AE6D3005F3FC2 /* NSDate+Helper.m */; };
		04A9F33D2E4AE6F6005F3FC2 /* LVHttpRequest.m in Sources */ = {isa = PBXBuildFile; fileRef = 04A9F3392E4AE6F6005F3FC2 /* LVHttpRequest.m */; };
		04A9F33E2E4AE6F6005F3FC2 /* SWDeviceCenter.m in Sources */ = {isa = PBXBuildFile; fileRef = 04A9F3342E4AE6F6005F3FC2 /* SWDeviceCenter.m */; };
		04A9F33F2E4AE6F6005F3FC2 /* LVHttpRequestHelper.m in Sources */ = {isa = PBXBuildFile; fileRef = 04A9F33B2E4AE6F6005F3FC2 /* LVHttpRequestHelper.m */; };
		04A9F3402E4AE6F6005F3FC2 /* SWKeyChainStore.m in Sources */ = {isa = PBXBuildFile; fileRef = 04A9F3362E4AE6F6005F3FC2 /* SWKeyChainStore.m */; };
		04A9F3442E4AE730005F3FC2 /* LPNetwortReachability.m in Sources */ = {isa = PBXBuildFile; fileRef = 04A9F3432E4AE730005F3FC2 /* LPNetwortReachability.m */; };
		04A9F34D2E4AE749005F3FC2 /* LVKeyboardLaunch.m in Sources */ = {isa = PBXBuildFile; fileRef = 04A9F3462E4AE749005F3FC2 /* LVKeyboardLaunch.m */; };
		04A9F34E2E4AE749005F3FC2 /* LVTimer.m in Sources */ = {isa = PBXBuildFile; fileRef = 04A9F34A2E4AE749005F3FC2 /* LVTimer.m */; };
		04A9F34F2E4AE749005F3FC2 /* LVCommonTool.m in Sources */ = {isa = PBXBuildFile; fileRef = 04A9F3482E4AE749005F3FC2 /* LVCommonTool.m */; };
		04A9F3502E4AE749005F3FC2 /* LTVWaterFlowLayout.m in Sources */ = {isa = PBXBuildFile; fileRef = 04A9F34C2E4AE749005F3FC2 /* LTVWaterFlowLayout.m */; };
		04A9F3532E4AE780005F3FC2 /* MGLoginFactory.m in Sources */ = {isa = PBXBuildFile; fileRef = 04A9F3522E4AE780005F3FC2 /* MGLoginFactory.m */; };
		04A9F3562E4AE796005F3FC2 /* MGAppleLogin.m in Sources */ = {isa = PBXBuildFile; fileRef = 04A9F3552E4AE796005F3FC2 /* MGAppleLogin.m */; };
		04A9F35C2E4B0C73005F3FC2 /* MGGlobalManager.m in Sources */ = {isa = PBXBuildFile; fileRef = 04A9F35B2E4B0C73005F3FC2 /* MGGlobalManager.m */; };
		04CDD0EC2E56CB5E00286F4C /* MGAlbumTakePhotoCell.xib in Resources */ = {isa = PBXBuildFile; fileRef = 04CDD0EB2E56CB5E00286F4C /* MGAlbumTakePhotoCell.xib */; };
		04CDD0ED2E56CB5E00286F4C /* MGAlbumTakePhotoCell.m in Sources */ = {isa = PBXBuildFile; fileRef = 04CDD0EA2E56CB5E00286F4C /* MGAlbumTakePhotoCell.m */; };
		04CDD0F02E56E76F00286F4C /* SLAvCaptureTool.m in Sources */ = {isa = PBXBuildFile; fileRef = 04CDD0EF2E56E76F00286F4C /* SLAvCaptureTool.m */; };
		04CDD0F62E56EF7900286F4C /* MGShotFocusView.m in Sources */ = {isa = PBXBuildFile; fileRef = 04CDD0F52E56EF7900286F4C /* MGShotFocusView.m */; };
		04CDD12F2E570FFE00286F4C /* SLDelayPerform.m in Sources */ = {isa = PBXBuildFile; fileRef = 04CDD12E2E570FFE00286F4C /* SLDelayPerform.m */; };
		04CDD13E2E580FA700286F4C /* MGPhotoListController.m in Sources */ = {isa = PBXBuildFile; fileRef = 04CDD1342E580FA600286F4C /* MGPhotoListController.m */; };
		04CDD13F2E580FA700286F4C /* MGPhotosController.m in Sources */ = {isa = PBXBuildFile; fileRef = 04CDD1362E580FA600286F4C /* MGPhotosController.m */; };
		04CDD1402E580FA700286F4C /* MGPhotoListCell.m in Sources */ = {isa = PBXBuildFile; fileRef = 04CDD13A2E580FA600286F4C /* MGPhotoListCell.m */; };
		04CDD1412E580FA700286F4C /* MGPhotoListCell.xib in Resources */ = {isa = PBXBuildFile; fileRef = 04CDD13B2E580FA600286F4C /* MGPhotoListCell.xib */; };
		04CDD1502E5815C300286F4C /* MGAddPhotosController.xib in Resources */ = {isa = PBXBuildFile; fileRef = 04CDD1462E5815C300286F4C /* MGAddPhotosController.xib */; };
		04CDD1522E5815C300286F4C /* MGAddPhotosController.m in Sources */ = {isa = PBXBuildFile; fileRef = 04CDD1452E5815C300286F4C /* MGAddPhotosController.m */; };
		04CDD1532E5815C300286F4C /* MGShotController.m in Sources */ = {isa = PBXBuildFile; fileRef = 04CDD14C2E5815C300286F4C /* MGShotController.m */; };
		04CDD1542E5815C300286F4C /* MGHomeListController.m in Sources */ = {isa = PBXBuildFile; fileRef = 04CDD14A2E5815C300286F4C /* MGHomeListController.m */; };
		04CDD1552E5815C300286F4C /* MGTemplateDetailsController.m in Sources */ = {isa = PBXBuildFile; fileRef = 04CDD14E2E5815C300286F4C /* MGTemplateDetailsController.m */; };
		04CDD1562E5815C300286F4C /* MGHomeController.m in Sources */ = {isa = PBXBuildFile; fileRef = 04CDD1482E5815C300286F4C /* MGHomeController.m */; };
		04CDD1592E58492E00286F4C /* MGAccountInfo.m in Sources */ = {isa = PBXBuildFile; fileRef = 04CDD1582E58492E00286F4C /* MGAccountInfo.m */; };
		04CDD15C2E5859F400286F4C /* LVEmptyView.m in Sources */ = {isa = PBXBuildFile; fileRef = 04CDD15B2E5859F400286F4C /* LVEmptyView.m */; };
		04CDD15F2E585A5000286F4C /* MGPointsDetailsModel.m in Sources */ = {isa = PBXBuildFile; fileRef = 04CDD15E2E585A5000286F4C /* MGPointsDetailsModel.m */; };
		04E6E1B62E4B200A00407F94 /* MGMainNavigationController.m in Sources */ = {isa = PBXBuildFile; fileRef = 04E6E1B52E4B200A00407F94 /* MGMainNavigationController.m */; };
		04E6E1BC2E4B217D00407F94 /* MGBaseController.m in Sources */ = {isa = PBXBuildFile; fileRef = 04E6E1BB2E4B217D00407F94 /* MGBaseController.m */; };
		04E6E1C72E4C29F700407F94 /* MGHomeListCell.m in Sources */ = {isa = PBXBuildFile; fileRef = 04E6E1C42E4C29F700407F94 /* MGHomeListCell.m */; };
		04E6E1CA2E4C3BC200407F94 /* MGBaseModel.m in Sources */ = {isa = PBXBuildFile; fileRef = 04E6E1C92E4C3BC200407F94 /* MGBaseModel.m */; };
		04E6E1CD2E4C3BF700407F94 /* MGTemplateCategoryModel.m in Sources */ = {isa = PBXBuildFile; fileRef = 04E6E1CC2E4C3BF700407F94 /* MGTemplateCategoryModel.m */; };
		04E6E1D02E4C62D700407F94 /* MGTemplateListModel.m in Sources */ = {isa = PBXBuildFile; fileRef = 04E6E1CF2E4C62D700407F94 /* MGTemplateListModel.m */; };
		04E6E1D32E4C7B0700407F94 /* MGTemplateFilterSheet.m in Sources */ = {isa = PBXBuildFile; fileRef = 04E6E1D22E4C7B0700407F94 /* MGTemplateFilterSheet.m */; };
		04E6E1D62E4ED0F700407F94 /* MGGetPointsView.m in Sources */ = {isa = PBXBuildFile; fileRef = 04E6E1D52E4ED0F700407F94 /* MGGetPointsView.m */; };
		04E6E1D82E4ED2BA00407F94 /* MGGetPointsView.xib in Resources */ = {isa = PBXBuildFile; fileRef = 04E6E1D72E4ED2BA00407F94 /* MGGetPointsView.xib */; };
		04E8C4012E4EE33800EC2E96 /* MGGetPointsFreeAlertView.m in Sources */ = {isa = PBXBuildFile; fileRef = 04E8C4002E4EE33800EC2E96 /* MGGetPointsFreeAlertView.m */; };
		04E8C4032E4EE34300EC2E96 /* MGGetPointsFreeAlertView.xib in Resources */ = {isa = PBXBuildFile; fileRef = 04E8C4022E4EE34300EC2E96 /* MGGetPointsFreeAlertView.xib */; };
		04E8C4062E4F1FEB00EC2E96 /* MGMineController.m in Sources */ = {isa = PBXBuildFile; fileRef = 04E8C4052E4F1FEB00EC2E96 /* MGMineController.m */; };
		04E8C4092E4F200900EC2E96 /* MGMineHeaderView.m in Sources */ = {isa = PBXBuildFile; fileRef = 04E8C4082E4F200900EC2E96 /* MGMineHeaderView.m */; };
		04E8C40B2E4F201300EC2E96 /* MGMineHeaderView.xib in Resources */ = {isa = PBXBuildFile; fileRef = 04E8C40A2E4F201300EC2E96 /* MGMineHeaderView.xib */; };
		04E8C40F2E4F28BA00EC2E96 /* MGMineListCell.xib in Resources */ = {isa = PBXBuildFile; fileRef = 04E8C40E2E4F28BA00EC2E96 /* MGMineListCell.xib */; };
		04E8C4102E4F28BA00EC2E96 /* MGMineListCell.m in Sources */ = {isa = PBXBuildFile; fileRef = 04E8C40D2E4F28BA00EC2E96 /* MGMineListCell.m */; };
		04E8C4132E4F297300EC2E96 /* MGMineListController.m in Sources */ = {isa = PBXBuildFile; fileRef = 04E8C4122E4F297300EC2E96 /* MGMineListController.m */; };
		04F54C492E5BF8D400769DAA /* MGTemplateDetailsController.xib in Resources */ = {isa = PBXBuildFile; fileRef = 04F54C482E5BF8D400769DAA /* MGTemplateDetailsController.xib */; };
		04F54C4D2E5BF8ED00769DAA /* MGSelectFaceController.m in Sources */ = {isa = PBXBuildFile; fileRef = 04F54C4B2E5BF8ED00769DAA /* MGSelectFaceController.m */; };
		04F54C4E2E5BF8ED00769DAA /* MGSelectFaceController.xib in Resources */ = {isa = PBXBuildFile; fileRef = 04F54C4C2E5BF8ED00769DAA /* MGSelectFaceController.xib */; };
		04F54C512E5BF90400769DAA /* MGTemplateListViewModel.m in Sources */ = {isa = PBXBuildFile; fileRef = 04F54C502E5BF90400769DAA /* MGTemplateListViewModel.m */; };
		04F54C582E5BF94200769DAA /* MGSelectFaceCell.m in Sources */ = {isa = PBXBuildFile; fileRef = 04F54C532E5BF94200769DAA /* MGSelectFaceCell.m */; };
		04F54C592E5BF94200769DAA /* MGFaceResultCell.m in Sources */ = {isa = PBXBuildFile; fileRef = 04F54C562E5BF94200769DAA /* MGFaceResultCell.m */; };
		04F54C5A2E5BF94200769DAA /* MGSelectFaceCell.xib in Resources */ = {isa = PBXBuildFile; fileRef = 04F54C542E5BF94200769DAA /* MGSelectFaceCell.xib */; };
		04F54C5B2E5BF94200769DAA /* MGFaceResultCell.xib in Resources */ = {isa = PBXBuildFile; fileRef = 04F54C572E5BF94200769DAA /* MGFaceResultCell.xib */; };
		04F54C612E5BF95000769DAA /* MGAlbumListView.m in Sources */ = {isa = PBXBuildFile; fileRef = 04F54C5D2E5BF95000769DAA /* MGAlbumListView.m */; };
		04F54C622E5BF95000769DAA /* MGTemplateDetailsCell.m in Sources */ = {isa = PBXBuildFile; fileRef = 04F54C5F2E5BF95000769DAA /* MGTemplateDetailsCell.m */; };
		04F54C632E5BF95000769DAA /* MGTemplateDetailsCell.xib in Resources */ = {isa = PBXBuildFile; fileRef = 04F54C602E5BF95000769DAA /* MGTemplateDetailsCell.xib */; };
		04F54C662E5BF9E000769DAA /* MGFaceRecognition.m in Sources */ = {isa = PBXBuildFile; fileRef = 04F54C652E5BF9E000769DAA /* MGFaceRecognition.m */; };
		04F54C6A2E5BFE3000769DAA /* MGProductionController.m in Sources */ = {isa = PBXBuildFile; fileRef = 04F54C682E5BFE3000769DAA /* MGProductionController.m */; };
		04F54C6B2E5BFE3000769DAA /* MGProductionController.xib in Resources */ = {isa = PBXBuildFile; fileRef = 04F54C692E5BFE3000769DAA /* MGProductionController.xib */; };
		04F54C6E2E5C124700769DAA /* MGProductionProgress.m in Sources */ = {isa = PBXBuildFile; fileRef = 04F54C6D2E5C124700769DAA /* MGProductionProgress.m */; };
		04F54C742E5D4CA700769DAA /* MGFavoriteListController.m in Sources */ = {isa = PBXBuildFile; fileRef = 04F54C732E5D4CA700769DAA /* MGFavoriteListController.m */; };
		04F54C782E5D4CE100769DAA /* MGFavoriteTemplateModel.m in Sources */ = {isa = PBXBuildFile; fileRef = 04F54C762E5D4CE100769DAA /* MGFavoriteTemplateModel.m */; };
		04F54C7D2E5D5BD200769DAA /* LVAlertView.m in Sources */ = {isa = PBXBuildFile; fileRef = 04F54C7B2E5D5BD200769DAA /* LVAlertView.m */; };
		04F54C7E2E5D5BD200769DAA /* LVAlertView.xib in Resources */ = {isa = PBXBuildFile; fileRef = 04F54C7C2E5D5BD200769DAA /* LVAlertView.xib */; };
		04F54C802E5DA33A00769DAA /* right_loading.gif in Resources */ = {isa = PBXBuildFile; fileRef = 04F54C7F2E5DA33A00769DAA /* right_loading.gif */; };
		04F54C822E5DA35500769DAA /* left_loading.gif in Resources */ = {isa = PBXBuildFile; fileRef = 04F54C812E5DA35500769DAA /* left_loading.gif */; };
		04F54C852E5EB70600769DAA /* MGGeneratedListController.m in Sources */ = {isa = PBXBuildFile; fileRef = 04F54C842E5EB70600769DAA /* MGGeneratedListController.m */; };
		04F54C892E5EB72900769DAA /* MGGeneratedListCell.xib in Resources */ = {isa = PBXBuildFile; fileRef = 04F54C882E5EB72900769DAA /* MGGeneratedListCell.xib */; };
		04F54C8A2E5EB72900769DAA /* MGGeneratedListCell.m in Sources */ = {isa = PBXBuildFile; fileRef = 04F54C872E5EB72900769DAA /* MGGeneratedListCell.m */; };
		04F54C902E5EEED600769DAA /* MGImageWorksManager.m in Sources */ = {isa = PBXBuildFile; fileRef = 04F54C8F2E5EEED600769DAA /* MGImageWorksManager.m */; };
		04F54C932E5EF0AB00769DAA /* MGImageWorksModel.m in Sources */ = {isa = PBXBuildFile; fileRef = 04F54C922E5EF0AB00769DAA /* MGImageWorksModel.m */; };
		04F54C972E6000B900769DAA /* MGGeneratedDetailsController.m in Sources */ = {isa = PBXBuildFile; fileRef = 04F54C952E6000B900769DAA /* MGGeneratedDetailsController.m */; };
		04F54C982E6000B900769DAA /* MGGeneratedDetailsController.xib in Resources */ = {isa = PBXBuildFile; fileRef = 04F54C962E6000B900769DAA /* MGGeneratedDetailsController.xib */; };
		04F54C9B2E602C7100769DAA /* MGReviewImageCell.m in Sources */ = {isa = PBXBuildFile; fileRef = 04F54C9A2E602C7100769DAA /* MGReviewImageCell.m */; };
		8AE9E8B1543D003823C4F1E4 /* Pods_Magina.framework in Frameworks */ = {isa = PBXBuildFile; fileRef = 75C50838DFF8AFFA3B1D401A /* Pods_Magina.framework */; };
/* End PBXBuildFile section */

/* Begin PBXFileReference section */
		047473132E52F271004AFE7D /* MGPersonalController.h */ = {isa = PBXFileReference; lastKnownFileType = sourcecode.c.h; path = MGPersonalController.h; sourceTree = "<group>"; };
		047473142E52F271004AFE7D /* MGPersonalController.m */ = {isa = PBXFileReference; lastKnownFileType = sourcecode.c.objc; path = MGPersonalController.m; sourceTree = "<group>"; };
		047473162E52F306004AFE7D /* MGPersonalCell.h */ = {isa = PBXFileReference; lastKnownFileType = sourcecode.c.h; path = MGPersonalCell.h; sourceTree = "<group>"; };
		047473172E52F306004AFE7D /* MGPersonalCell.m */ = {isa = PBXFileReference; lastKnownFileType = sourcecode.c.objc; path = MGPersonalCell.m; sourceTree = "<group>"; };
		047473192E52F323004AFE7D /* MGPersonalCell.xib */ = {isa = PBXFileReference; lastKnownFileType = file.xib; path = MGPersonalCell.xib; sourceTree = "<group>"; };
		0474731B2E52F829004AFE7D /* MGPointsListCell.h */ = {isa = PBXFileReference; lastKnownFileType = sourcecode.c.h; path = MGPointsListCell.h; sourceTree = "<group>"; };
		0474731C2E52F829004AFE7D /* MGPointsListCell.m */ = {isa = PBXFileReference; lastKnownFileType = sourcecode.c.objc; path = MGPointsListCell.m; sourceTree = "<group>"; };
		0474731E2E52F84D004AFE7D /* MGPointsListCell.xib */ = {isa = PBXFileReference; lastKnownFileType = file.xib; path = MGPointsListCell.xib; sourceTree = "<group>"; };
		047473202E52F9A8004AFE7D /* MGPointsListController.h */ = {isa = PBXFileReference; lastKnownFileType = sourcecode.c.h; path = MGPointsListController.h; sourceTree = "<group>"; };
		047473212E52F9A8004AFE7D /* MGPointsListController.m */ = {isa = PBXFileReference; lastKnownFileType = sourcecode.c.objc; path = MGPointsListController.m; sourceTree = "<group>"; };
		047473232E532386004AFE7D /* MGMainContainerController.h */ = {isa = PBXFileReference; lastKnownFileType = sourcecode.c.h; path = MGMainContainerController.h; sourceTree = "<group>"; };
		047473242E532386004AFE7D /* MGMainContainerController.m */ = {isa = PBXFileReference; lastKnownFileType = sourcecode.c.objc; path = MGMainContainerController.m; sourceTree = "<group>"; };
		047473262E5413ED004AFE7D /* MGInviteFriendsController.h */ = {isa = PBXFileReference; lastKnownFileType = sourcecode.c.h; path = MGInviteFriendsController.h; sourceTree = "<group>"; };
		047473272E5413ED004AFE7D /* MGInviteFriendsController.m */ = {isa = PBXFileReference; lastKnownFileType = sourcecode.c.objc; path = MGInviteFriendsController.m; sourceTree = "<group>"; };
		047473282E5413ED004AFE7D /* MGInviteFriendsController.xib */ = {isa = PBXFileReference; lastKnownFileType = file.xib; path = MGInviteFriendsController.xib; sourceTree = "<group>"; };
		0474732B2E542458004AFE7D /* MGMemberController.h */ = {isa = PBXFileReference; lastKnownFileType = sourcecode.c.h; path = MGMemberController.h; sourceTree = "<group>"; };
		0474732C2E542458004AFE7D /* MGMemberController.m */ = {isa = PBXFileReference; lastKnownFileType = sourcecode.c.objc; path = MGMemberController.m; sourceTree = "<group>"; };
		0474732E2E54248F004AFE7D /* MGMemberHeader.h */ = {isa = PBXFileReference; lastKnownFileType = sourcecode.c.h; path = MGMemberHeader.h; sourceTree = "<group>"; };
		0474732F2E54248F004AFE7D /* MGMemberHeader.m */ = {isa = PBXFileReference; lastKnownFileType = sourcecode.c.objc; path = MGMemberHeader.m; sourceTree = "<group>"; };
		047473312E54249A004AFE7D /* MGMemberHeader.xib */ = {isa = PBXFileReference; lastKnownFileType = file.xib; path = MGMemberHeader.xib; sourceTree = "<group>"; };
		047473332E542AE0004AFE7D /* MGMemberListController.h */ = {isa = PBXFileReference; lastKnownFileType = sourcecode.c.h; path = MGMemberListController.h; sourceTree = "<group>"; };
		047473342E542AE0004AFE7D /* MGMemberListController.m */ = {isa = PBXFileReference; lastKnownFileType = sourcecode.c.objc; path = MGMemberListController.m; sourceTree = "<group>"; };
		047473412E559E98004AFE7D /* MGImageManager.h */ = {isa = PBXFileReference; lastKnownFileType = sourcecode.c.h; path = MGImageManager.h; sourceTree = "<group>"; };
		047473422E559E98004AFE7D /* MGImageManager.m */ = {isa = PBXFileReference; lastKnownFileType = sourcecode.c.objc; path = MGImageManager.m; sourceTree = "<group>"; };
		047473452E55ABE6004AFE7D /* MGAssetModel.h */ = {isa = PBXFileReference; lastKnownFileType = sourcecode.c.h; path = MGAssetModel.h; sourceTree = "<group>"; };
		047473462E55ABE6004AFE7D /* MGAssetModel.m */ = {isa = PBXFileReference; lastKnownFileType = sourcecode.c.objc; path = MGAssetModel.m; sourceTree = "<group>"; };
		047473482E55C1C1004AFE7D /* MGAlbumPhotoListCell.h */ = {isa = PBXFileReference; lastKnownFileType = sourcecode.c.h; path = MGAlbumPhotoListCell.h; sourceTree = "<group>"; };
		047473492E55C1C1004AFE7D /* MGAlbumPhotoListCell.m */ = {isa = PBXFileReference; lastKnownFileType = sourcecode.c.objc; path = MGAlbumPhotoListCell.m; sourceTree = "<group>"; };
		0474734A2E55C1C1004AFE7D /* MGAlbumPhotoListCell.xib */ = {isa = PBXFileReference; lastKnownFileType = file.xib; path = MGAlbumPhotoListCell.xib; sourceTree = "<group>"; };
		04A9F2D72E4ADF56005F3FC2 /* Magina.app */ = {isa = PBXFileReference; explicitFileType = wrapper.application; includeInIndex = 0; path = Magina.app; sourceTree = BUILT_PRODUCTS_DIR; };
		04A9F2F42E4AE1EA005F3FC2 /* AppDelegate.h */ = {isa = PBXFileReference; lastKnownFileType = sourcecode.c.h; path = AppDelegate.h; sourceTree = "<group>"; };
		04A9F2F52E4AE1EA005F3FC2 /* AppDelegate.m */ = {isa = PBXFileReference; lastKnownFileType = sourcecode.c.objc; path = AppDelegate.m; sourceTree = "<group>"; };
		04A9F2F62E4AE1EA005F3FC2 /* Assets.xcassets */ = {isa = PBXFileReference; lastKnownFileType = folder.assetcatalog; path = Assets.xcassets; sourceTree = "<group>"; };
		04A9F2F72E4AE1EA005F3FC2 /* Info.plist */ = {isa = PBXFileReference; lastKnownFileType = text.plist.xml; path = Info.plist; sourceTree = "<group>"; };
		04A9F2F82E4AE1EA005F3FC2 /* Base */ = {isa = PBXFileReference; lastKnownFileType = file.storyboard; name = Base; path = Base.lproj/LaunchScreen.storyboard; sourceTree = "<group>"; };
		04A9F2FA2E4AE1EA005F3FC2 /* main.m */ = {isa = PBXFileReference; lastKnownFileType = sourcecode.c.objc; path = main.m; sourceTree = "<group>"; };
		04A9F3152E4AE4E2005F3FC2 /* MGHttpMacros.h */ = {isa = PBXFileReference; lastKnownFileType = sourcecode.c.h; path = MGHttpMacros.h; sourceTree = "<group>"; };
		04A9F3162E4AE530005F3FC2 /* MGPrefixHeader.pch */ = {isa = PBXFileReference; lastKnownFileType = sourcecode.c.h; path = MGPrefixHeader.pch; sourceTree = "<group>"; };
		04A9F3172E4AE6D3005F3FC2 /* NSDate+Helper.h */ = {isa = PBXFileReference; lastKnownFileType = sourcecode.c.h; path = "NSDate+Helper.h"; sourceTree = "<group>"; };
		04A9F3182E4AE6D3005F3FC2 /* NSDate+Helper.m */ = {isa = PBXFileReference; lastKnownFileType = sourcecode.c.objc; path = "NSDate+Helper.m"; sourceTree = "<group>"; };
		04A9F3192E4AE6D3005F3FC2 /* NSLayoutConstraint+BSIBDesignable.h */ = {isa = PBXFileReference; lastKnownFileType = sourcecode.c.h; path = "NSLayoutConstraint+BSIBDesignable.h"; sourceTree = "<group>"; };
		04A9F31A2E4AE6D3005F3FC2 /* NSLayoutConstraint+BSIBDesignable.m */ = {isa = PBXFileReference; lastKnownFileType = sourcecode.c.objc; path = "NSLayoutConstraint+BSIBDesignable.m"; sourceTree = "<group>"; };
		04A9F31B2E4AE6D3005F3FC2 /* NSString+LP.h */ = {isa = PBXFileReference; lastKnownFileType = sourcecode.c.h; path = "NSString+LP.h"; sourceTree = "<group>"; };
		04A9F31C2E4AE6D3005F3FC2 /* NSString+LP.m */ = {isa = PBXFileReference; lastKnownFileType = sourcecode.c.objc; path = "NSString+LP.m"; sourceTree = "<group>"; };
		04A9F31D2E4AE6D3005F3FC2 /* UIhelpTools.h */ = {isa = PBXFileReference; lastKnownFileType = sourcecode.c.h; path = UIhelpTools.h; sourceTree = "<group>"; };
		04A9F31E2E4AE6D3005F3FC2 /* UIhelpTools.m */ = {isa = PBXFileReference; lastKnownFileType = sourcecode.c.objc; path = UIhelpTools.m; sourceTree = "<group>"; };
		04A9F31F2E4AE6D3005F3FC2 /* UIImage+LP.h */ = {isa = PBXFileReference; lastKnownFileType = sourcecode.c.h; path = "UIImage+LP.h"; sourceTree = "<group>"; };
		04A9F3202E4AE6D3005F3FC2 /* UIImage+LP.m */ = {isa = PBXFileReference; lastKnownFileType = sourcecode.c.objc; path = "UIImage+LP.m"; sourceTree = "<group>"; };
		04A9F3212E4AE6D3005F3FC2 /* UIView+GradientColors.h */ = {isa = PBXFileReference; lastKnownFileType = sourcecode.c.h; path = "UIView+GradientColors.h"; sourceTree = "<group>"; };
		04A9F3222E4AE6D3005F3FC2 /* UIView+GradientColors.m */ = {isa = PBXFileReference; lastKnownFileType = sourcecode.c.objc; path = "UIView+GradientColors.m"; sourceTree = "<group>"; };
		04A9F3232E4AE6D3005F3FC2 /* UIView+Layout.h */ = {isa = PBXFileReference; lastKnownFileType = sourcecode.c.h; path = "UIView+Layout.h"; sourceTree = "<group>"; };
		04A9F3242E4AE6D3005F3FC2 /* UIView+Layout.m */ = {isa = PBXFileReference; lastKnownFileType = sourcecode.c.objc; path = "UIView+Layout.m"; sourceTree = "<group>"; };
		04A9F3252E4AE6D3005F3FC2 /* UIView+LPRadius.h */ = {isa = PBXFileReference; lastKnownFileType = sourcecode.c.h; path = "UIView+LPRadius.h"; sourceTree = "<group>"; };
		04A9F3262E4AE6D3005F3FC2 /* UIView+LPRadius.m */ = {isa = PBXFileReference; lastKnownFileType = sourcecode.c.objc; path = "UIView+LPRadius.m"; sourceTree = "<group>"; };
		04A9F3272E4AE6D3005F3FC2 /* UIView+Toast.h */ = {isa = PBXFileReference; lastKnownFileType = sourcecode.c.h; path = "UIView+Toast.h"; sourceTree = "<group>"; };
		04A9F3282E4AE6D3005F3FC2 /* UIView+Toast.m */ = {isa = PBXFileReference; lastKnownFileType = sourcecode.c.objc; path = "UIView+Toast.m"; sourceTree = "<group>"; };
		04A9F3332E4AE6F6005F3FC2 /* SWDeviceCenter.h */ = {isa = PBXFileReference; lastKnownFileType = sourcecode.c.h; path = SWDeviceCenter.h; sourceTree = "<group>"; };
		04A9F3342E4AE6F6005F3FC2 /* SWDeviceCenter.m */ = {isa = PBXFileReference; lastKnownFileType = sourcecode.c.objc; path = SWDeviceCenter.m; sourceTree = "<group>"; };
		04A9F3352E4AE6F6005F3FC2 /* SWKeyChainStore.h */ = {isa = PBXFileReference; lastKnownFileType = sourcecode.c.h; path = SWKeyChainStore.h; sourceTree = "<group>"; };
		04A9F3362E4AE6F6005F3FC2 /* SWKeyChainStore.m */ = {isa = PBXFileReference; lastKnownFileType = sourcecode.c.objc; path = SWKeyChainStore.m; sourceTree = "<group>"; };
		04A9F3382E4AE6F6005F3FC2 /* LVHttpRequest.h */ = {isa = PBXFileReference; lastKnownFileType = sourcecode.c.h; path = LVHttpRequest.h; sourceTree = "<group>"; };
		04A9F3392E4AE6F6005F3FC2 /* LVHttpRequest.m */ = {isa = PBXFileReference; lastKnownFileType = sourcecode.c.objc; path = LVHttpRequest.m; sourceTree = "<group>"; };
		04A9F33A2E4AE6F6005F3FC2 /* LVHttpRequestHelper.h */ = {isa = PBXFileReference; lastKnownFileType = sourcecode.c.h; path = LVHttpRequestHelper.h; sourceTree = "<group>"; };
		04A9F33B2E4AE6F6005F3FC2 /* LVHttpRequestHelper.m */ = {isa = PBXFileReference; lastKnownFileType = sourcecode.c.objc; path = LVHttpRequestHelper.m; sourceTree = "<group>"; };
		04A9F3422E4AE730005F3FC2 /* LPNetwortReachability.h */ = {isa = PBXFileReference; lastKnownFileType = sourcecode.c.h; path = LPNetwortReachability.h; sourceTree = "<group>"; };
		04A9F3432E4AE730005F3FC2 /* LPNetwortReachability.m */ = {isa = PBXFileReference; lastKnownFileType = sourcecode.c.objc; path = LPNetwortReachability.m; sourceTree = "<group>"; };
		04A9F3452E4AE749005F3FC2 /* LVKeyboardLaunch.h */ = {isa = PBXFileReference; lastKnownFileType = sourcecode.c.h; path = LVKeyboardLaunch.h; sourceTree = "<group>"; };
		04A9F3462E4AE749005F3FC2 /* LVKeyboardLaunch.m */ = {isa = PBXFileReference; lastKnownFileType = sourcecode.c.objc; path = LVKeyboardLaunch.m; sourceTree = "<group>"; };
		04A9F3472E4AE749005F3FC2 /* LVCommonTool.h */ = {isa = PBXFileReference; lastKnownFileType = sourcecode.c.h; path = LVCommonTool.h; sourceTree = "<group>"; };
		04A9F3482E4AE749005F3FC2 /* LVCommonTool.m */ = {isa = PBXFileReference; lastKnownFileType = sourcecode.c.objc; path = LVCommonTool.m; sourceTree = "<group>"; };
		04A9F3492E4AE749005F3FC2 /* LVTimer.h */ = {isa = PBXFileReference; lastKnownFileType = sourcecode.c.h; path = LVTimer.h; sourceTree = "<group>"; };
		04A9F34A2E4AE749005F3FC2 /* LVTimer.m */ = {isa = PBXFileReference; lastKnownFileType = sourcecode.c.objc; path = LVTimer.m; sourceTree = "<group>"; };
		04A9F34B2E4AE749005F3FC2 /* LTVWaterFlowLayout.h */ = {isa = PBXFileReference; lastKnownFileType = sourcecode.c.h; path = LTVWaterFlowLayout.h; sourceTree = "<group>"; };
		04A9F34C2E4AE749005F3FC2 /* LTVWaterFlowLayout.m */ = {isa = PBXFileReference; lastKnownFileType = sourcecode.c.objc; path = LTVWaterFlowLayout.m; sourceTree = "<group>"; };
		04A9F3512E4AE780005F3FC2 /* MGLoginFactory.h */ = {isa = PBXFileReference; lastKnownFileType = sourcecode.c.h; path = MGLoginFactory.h; sourceTree = "<group>"; };
		04A9F3522E4AE780005F3FC2 /* MGLoginFactory.m */ = {isa = PBXFileReference; lastKnownFileType = sourcecode.c.objc; path = MGLoginFactory.m; sourceTree = "<group>"; };
		04A9F3542E4AE796005F3FC2 /* MGAppleLogin.h */ = {isa = PBXFileReference; lastKnownFileType = sourcecode.c.h; path = MGAppleLogin.h; sourceTree = "<group>"; };
		04A9F3552E4AE796005F3FC2 /* MGAppleLogin.m */ = {isa = PBXFileReference; lastKnownFileType = sourcecode.c.objc; path = MGAppleLogin.m; sourceTree = "<group>"; };
		04A9F35A2E4B0C73005F3FC2 /* MGGlobalManager.h */ = {isa = PBXFileReference; lastKnownFileType = sourcecode.c.h; path = MGGlobalManager.h; sourceTree = "<group>"; };
		04A9F35B2E4B0C73005F3FC2 /* MGGlobalManager.m */ = {isa = PBXFileReference; lastKnownFileType = sourcecode.c.objc; path = MGGlobalManager.m; sourceTree = "<group>"; };
		04CDD0E92E56CB5E00286F4C /* MGAlbumTakePhotoCell.h */ = {isa = PBXFileReference; lastKnownFileType = sourcecode.c.h; path = MGAlbumTakePhotoCell.h; sourceTree = "<group>"; };
		04CDD0EA2E56CB5E00286F4C /* MGAlbumTakePhotoCell.m */ = {isa = PBXFileReference; lastKnownFileType = sourcecode.c.objc; path = MGAlbumTakePhotoCell.m; sourceTree = "<group>"; };
		04CDD0EB2E56CB5E00286F4C /* MGAlbumTakePhotoCell.xib */ = {isa = PBXFileReference; lastKnownFileType = file.xib; path = MGAlbumTakePhotoCell.xib; sourceTree = "<group>"; };
		04CDD0EE2E56E76F00286F4C /* SLAvCaptureTool.h */ = {isa = PBXFileReference; lastKnownFileType = sourcecode.c.h; path = SLAvCaptureTool.h; sourceTree = "<group>"; };
		04CDD0EF2E56E76F00286F4C /* SLAvCaptureTool.m */ = {isa = PBXFileReference; lastKnownFileType = sourcecode.c.objc; path = SLAvCaptureTool.m; sourceTree = "<group>"; };
		04CDD0F42E56EF7900286F4C /* MGShotFocusView.h */ = {isa = PBXFileReference; lastKnownFileType = sourcecode.c.h; path = MGShotFocusView.h; sourceTree = "<group>"; };
		04CDD0F52E56EF7900286F4C /* MGShotFocusView.m */ = {isa = PBXFileReference; lastKnownFileType = sourcecode.c.objc; path = MGShotFocusView.m; sourceTree = "<group>"; };
		04CDD12D2E570FFE00286F4C /* SLDelayPerform.h */ = {isa = PBXFileReference; lastKnownFileType = sourcecode.c.h; path = SLDelayPerform.h; sourceTree = "<group>"; };
		04CDD12E2E570FFE00286F4C /* SLDelayPerform.m */ = {isa = PBXFileReference; lastKnownFileType = sourcecode.c.objc; path = SLDelayPerform.m; sourceTree = "<group>"; };
		04CDD1332E580FA600286F4C /* MGPhotoListController.h */ = {isa = PBXFileReference; lastKnownFileType = sourcecode.c.h; path = MGPhotoListController.h; sourceTree = "<group>"; };
		04CDD1342E580FA600286F4C /* MGPhotoListController.m */ = {isa = PBXFileReference; lastKnownFileType = sourcecode.c.objc; path = MGPhotoListController.m; sourceTree = "<group>"; };
		04CDD1352E580FA600286F4C /* MGPhotosController.h */ = {isa = PBXFileReference; lastKnownFileType = sourcecode.c.h; path = MGPhotosController.h; sourceTree = "<group>"; };
		04CDD1362E580FA600286F4C /* MGPhotosController.m */ = {isa = PBXFileReference; lastKnownFileType = sourcecode.c.objc; path = MGPhotosController.m; sourceTree = "<group>"; };
		04CDD1392E580FA600286F4C /* MGPhotoListCell.h */ = {isa = PBXFileReference; lastKnownFileType = sourcecode.c.h; path = MGPhotoListCell.h; sourceTree = "<group>"; };
		04CDD13A2E580FA600286F4C /* MGPhotoListCell.m */ = {isa = PBXFileReference; lastKnownFileType = sourcecode.c.objc; path = MGPhotoListCell.m; sourceTree = "<group>"; };
		04CDD13B2E580FA600286F4C /* MGPhotoListCell.xib */ = {isa = PBXFileReference; lastKnownFileType = file.xib; path = MGPhotoListCell.xib; sourceTree = "<group>"; };
		04CDD1422E58145900286F4C /* Magina.entitlements */ = {isa = PBXFileReference; lastKnownFileType = text.plist.entitlements; path = Magina.entitlements; sourceTree = "<group>"; };
		04CDD1442E5815C300286F4C /* MGAddPhotosController.h */ = {isa = PBXFileReference; lastKnownFileType = sourcecode.c.h; path = MGAddPhotosController.h; sourceTree = "<group>"; };
		04CDD1452E5815C300286F4C /* MGAddPhotosController.m */ = {isa = PBXFileReference; lastKnownFileType = sourcecode.c.objc; path = MGAddPhotosController.m; sourceTree = "<group>"; };
		04CDD1462E5815C300286F4C /* MGAddPhotosController.xib */ = {isa = PBXFileReference; lastKnownFileType = file.xib; path = MGAddPhotosController.xib; sourceTree = "<group>"; };
		04CDD1472E5815C300286F4C /* MGHomeController.h */ = {isa = PBXFileReference; lastKnownFileType = sourcecode.c.h; path = MGHomeController.h; sourceTree = "<group>"; };
		04CDD1482E5815C300286F4C /* MGHomeController.m */ = {isa = PBXFileReference; lastKnownFileType = sourcecode.c.objc; path = MGHomeController.m; sourceTree = "<group>"; };
		04CDD1492E5815C300286F4C /* MGHomeListController.h */ = {isa = PBXFileReference; lastKnownFileType = sourcecode.c.h; path = MGHomeListController.h; sourceTree = "<group>"; };
		04CDD14A2E5815C300286F4C /* MGHomeListController.m */ = {isa = PBXFileReference; lastKnownFileType = sourcecode.c.objc; path = MGHomeListController.m; sourceTree = "<group>"; };
		04CDD14B2E5815C300286F4C /* MGShotController.h */ = {isa = PBXFileReference; lastKnownFileType = sourcecode.c.h; path = MGShotController.h; sourceTree = "<group>"; };
		04CDD14C2E5815C300286F4C /* MGShotController.m */ = {isa = PBXFileReference; lastKnownFileType = sourcecode.c.objc; path = MGShotController.m; sourceTree = "<group>"; };
		04CDD14D2E5815C300286F4C /* MGTemplateDetailsController.h */ = {isa = PBXFileReference; lastKnownFileType = sourcecode.c.h; path = MGTemplateDetailsController.h; sourceTree = "<group>"; };
		04CDD14E2E5815C300286F4C /* MGTemplateDetailsController.m */ = {isa = PBXFileReference; lastKnownFileType = sourcecode.c.objc; path = MGTemplateDetailsController.m; sourceTree = "<group>"; };
		04CDD1572E58492E00286F4C /* MGAccountInfo.h */ = {isa = PBXFileReference; lastKnownFileType = sourcecode.c.h; path = MGAccountInfo.h; sourceTree = "<group>"; };
		04CDD1582E58492E00286F4C /* MGAccountInfo.m */ = {isa = PBXFileReference; lastKnownFileType = sourcecode.c.objc; path = MGAccountInfo.m; sourceTree = "<group>"; };
		04CDD15A2E5859F400286F4C /* LVEmptyView.h */ = {isa = PBXFileReference; lastKnownFileType = sourcecode.c.h; path = LVEmptyView.h; sourceTree = "<group>"; };
		04CDD15B2E5859F400286F4C /* LVEmptyView.m */ = {isa = PBXFileReference; lastKnownFileType = sourcecode.c.objc; path = LVEmptyView.m; sourceTree = "<group>"; };
		04CDD15D2E585A5000286F4C /* MGPointsDetailsModel.h */ = {isa = PBXFileReference; lastKnownFileType = sourcecode.c.h; path = MGPointsDetailsModel.h; sourceTree = "<group>"; };
		04CDD15E2E585A5000286F4C /* MGPointsDetailsModel.m */ = {isa = PBXFileReference; lastKnownFileType = sourcecode.c.objc; path = MGPointsDetailsModel.m; sourceTree = "<group>"; };
		04E6E1B42E4B200A00407F94 /* MGMainNavigationController.h */ = {isa = PBXFileReference; lastKnownFileType = sourcecode.c.h; path = MGMainNavigationController.h; sourceTree = "<group>"; };
		04E6E1B52E4B200A00407F94 /* MGMainNavigationController.m */ = {isa = PBXFileReference; lastKnownFileType = sourcecode.c.objc; path = MGMainNavigationController.m; sourceTree = "<group>"; };
		04E6E1BA2E4B217D00407F94 /* MGBaseController.h */ = {isa = PBXFileReference; lastKnownFileType = sourcecode.c.h; path = MGBaseController.h; sourceTree = "<group>"; };
		04E6E1BB2E4B217D00407F94 /* MGBaseController.m */ = {isa = PBXFileReference; lastKnownFileType = sourcecode.c.objc; path = MGBaseController.m; sourceTree = "<group>"; };
		04E6E1C32E4C29F700407F94 /* MGHomeListCell.h */ = {isa = PBXFileReference; lastKnownFileType = sourcecode.c.h; path = MGHomeListCell.h; sourceTree = "<group>"; };
		04E6E1C42E4C29F700407F94 /* MGHomeListCell.m */ = {isa = PBXFileReference; lastKnownFileType = sourcecode.c.objc; path = MGHomeListCell.m; sourceTree = "<group>"; };
		04E6E1C82E4C3BC200407F94 /* MGBaseModel.h */ = {isa = PBXFileReference; lastKnownFileType = sourcecode.c.h; path = MGBaseModel.h; sourceTree = "<group>"; };
		04E6E1C92E4C3BC200407F94 /* MGBaseModel.m */ = {isa = PBXFileReference; lastKnownFileType = sourcecode.c.objc; path = MGBaseModel.m; sourceTree = "<group>"; };
		04E6E1CB2E4C3BF700407F94 /* MGTemplateCategoryModel.h */ = {isa = PBXFileReference; lastKnownFileType = sourcecode.c.h; path = MGTemplateCategoryModel.h; sourceTree = "<group>"; };
		04E6E1CC2E4C3BF700407F94 /* MGTemplateCategoryModel.m */ = {isa = PBXFileReference; lastKnownFileType = sourcecode.c.objc; path = MGTemplateCategoryModel.m; sourceTree = "<group>"; };
		04E6E1CE2E4C62D700407F94 /* MGTemplateListModel.h */ = {isa = PBXFileReference; lastKnownFileType = sourcecode.c.h; path = MGTemplateListModel.h; sourceTree = "<group>"; };
		04E6E1CF2E4C62D700407F94 /* MGTemplateListModel.m */ = {isa = PBXFileReference; lastKnownFileType = sourcecode.c.objc; path = MGTemplateListModel.m; sourceTree = "<group>"; };
		04E6E1D12E4C7B0700407F94 /* MGTemplateFilterSheet.h */ = {isa = PBXFileReference; lastKnownFileType = sourcecode.c.h; path = MGTemplateFilterSheet.h; sourceTree = "<group>"; };
		04E6E1D22E4C7B0700407F94 /* MGTemplateFilterSheet.m */ = {isa = PBXFileReference; lastKnownFileType = sourcecode.c.objc; path = MGTemplateFilterSheet.m; sourceTree = "<group>"; };
		04E6E1D42E4ED0F700407F94 /* MGGetPointsView.h */ = {isa = PBXFileReference; lastKnownFileType = sourcecode.c.h; path = MGGetPointsView.h; sourceTree = "<group>"; };
		04E6E1D52E4ED0F700407F94 /* MGGetPointsView.m */ = {isa = PBXFileReference; lastKnownFileType = sourcecode.c.objc; path = MGGetPointsView.m; sourceTree = "<group>"; };
		04E6E1D72E4ED2BA00407F94 /* MGGetPointsView.xib */ = {isa = PBXFileReference; lastKnownFileType = file.xib; path = MGGetPointsView.xib; sourceTree = "<group>"; };
		04E8C3FF2E4EE33800EC2E96 /* MGGetPointsFreeAlertView.h */ = {isa = PBXFileReference; lastKnownFileType = sourcecode.c.h; path = MGGetPointsFreeAlertView.h; sourceTree = "<group>"; };
		04E8C4002E4EE33800EC2E96 /* MGGetPointsFreeAlertView.m */ = {isa = PBXFileReference; lastKnownFileType = sourcecode.c.objc; path = MGGetPointsFreeAlertView.m; sourceTree = "<group>"; };
		04E8C4022E4EE34300EC2E96 /* MGGetPointsFreeAlertView.xib */ = {isa = PBXFileReference; lastKnownFileType = file.xib; path = MGGetPointsFreeAlertView.xib; sourceTree = "<group>"; };
		04E8C4042E4F1FEB00EC2E96 /* MGMineController.h */ = {isa = PBXFileReference; lastKnownFileType = sourcecode.c.h; path = MGMineController.h; sourceTree = "<group>"; };
		04E8C4052E4F1FEB00EC2E96 /* MGMineController.m */ = {isa = PBXFileReference; lastKnownFileType = sourcecode.c.objc; path = MGMineController.m; sourceTree = "<group>"; };
		04E8C4072E4F200900EC2E96 /* MGMineHeaderView.h */ = {isa = PBXFileReference; lastKnownFileType = sourcecode.c.h; path = MGMineHeaderView.h; sourceTree = "<group>"; };
		04E8C4082E4F200900EC2E96 /* MGMineHeaderView.m */ = {isa = PBXFileReference; lastKnownFileType = sourcecode.c.objc; path = MGMineHeaderView.m; sourceTree = "<group>"; };
		04E8C40A2E4F201300EC2E96 /* MGMineHeaderView.xib */ = {isa = PBXFileReference; lastKnownFileType = file.xib; path = MGMineHeaderView.xib; sourceTree = "<group>"; };
		04E8C40C2E4F28BA00EC2E96 /* MGMineListCell.h */ = {isa = PBXFileReference; lastKnownFileType = sourcecode.c.h; path = MGMineListCell.h; sourceTree = "<group>"; };
		04E8C40D2E4F28BA00EC2E96 /* MGMineListCell.m */ = {isa = PBXFileReference; lastKnownFileType = sourcecode.c.objc; path = MGMineListCell.m; sourceTree = "<group>"; };
		04E8C40E2E4F28BA00EC2E96 /* MGMineListCell.xib */ = {isa = PBXFileReference; lastKnownFileType = file.xib; path = MGMineListCell.xib; sourceTree = "<group>"; };
		04E8C4112E4F297300EC2E96 /* MGMineListController.h */ = {isa = PBXFileReference; lastKnownFileType = sourcecode.c.h; path = MGMineListController.h; sourceTree = "<group>"; };
		04E8C4122E4F297300EC2E96 /* MGMineListController.m */ = {isa = PBXFileReference; lastKnownFileType = sourcecode.c.objc; path = MGMineListController.m; sourceTree = "<group>"; };
		04F54C482E5BF8D400769DAA /* MGTemplateDetailsController.xib */ = {isa = PBXFileReference; lastKnownFileType = file.xib; path = MGTemplateDetailsController.xib; sourceTree = "<group>"; };
		04F54C4A2E5BF8ED00769DAA /* MGSelectFaceController.h */ = {isa = PBXFileReference; lastKnownFileType = sourcecode.c.h; path = MGSelectFaceController.h; sourceTree = "<group>"; };
		04F54C4B2E5BF8ED00769DAA /* MGSelectFaceController.m */ = {isa = PBXFileReference; lastKnownFileType = sourcecode.c.objc; path = MGSelectFaceController.m; sourceTree = "<group>"; };
		04F54C4C2E5BF8ED00769DAA /* MGSelectFaceController.xib */ = {isa = PBXFileReference; lastKnownFileType = file.xib; path = MGSelectFaceController.xib; sourceTree = "<group>"; };
		04F54C4F2E5BF90400769DAA /* MGTemplateListViewModel.h */ = {isa = PBXFileReference; lastKnownFileType = sourcecode.c.h; path = MGTemplateListViewModel.h; sourceTree = "<group>"; };
		04F54C502E5BF90400769DAA /* MGTemplateListViewModel.m */ = {isa = PBXFileReference; lastKnownFileType = sourcecode.c.objc; path = MGTemplateListViewModel.m; sourceTree = "<group>"; };
		04F54C522E5BF94200769DAA /* MGSelectFaceCell.h */ = {isa = PBXFileReference; lastKnownFileType = sourcecode.c.h; path = MGSelectFaceCell.h; sourceTree = "<group>"; };
		04F54C532E5BF94200769DAA /* MGSelectFaceCell.m */ = {isa = PBXFileReference; lastKnownFileType = sourcecode.c.objc; path = MGSelectFaceCell.m; sourceTree = "<group>"; };
		04F54C542E5BF94200769DAA /* MGSelectFaceCell.xib */ = {isa = PBXFileReference; lastKnownFileType = file.xib; path = MGSelectFaceCell.xib; sourceTree = "<group>"; };
		04F54C552E5BF94200769DAA /* MGFaceResultCell.h */ = {isa = PBXFileReference; lastKnownFileType = sourcecode.c.h; path = MGFaceResultCell.h; sourceTree = "<group>"; };
		04F54C562E5BF94200769DAA /* MGFaceResultCell.m */ = {isa = PBXFileReference; lastKnownFileType = sourcecode.c.objc; path = MGFaceResultCell.m; sourceTree = "<group>"; };
		04F54C572E5BF94200769DAA /* MGFaceResultCell.xib */ = {isa = PBXFileReference; lastKnownFileType = file.xib; path = MGFaceResultCell.xib; sourceTree = "<group>"; };
		04F54C5C2E5BF95000769DAA /* MGAlbumListView.h */ = {isa = PBXFileReference; lastKnownFileType = sourcecode.c.h; path = MGAlbumListView.h; sourceTree = "<group>"; };
		04F54C5D2E5BF95000769DAA /* MGAlbumListView.m */ = {isa = PBXFileReference; lastKnownFileType = sourcecode.c.objc; path = MGAlbumListView.m; sourceTree = "<group>"; };
		04F54C5E2E5BF95000769DAA /* MGTemplateDetailsCell.h */ = {isa = PBXFileReference; lastKnownFileType = sourcecode.c.h; path = MGTemplateDetailsCell.h; sourceTree = "<group>"; };
		04F54C5F2E5BF95000769DAA /* MGTemplateDetailsCell.m */ = {isa = PBXFileReference; lastKnownFileType = sourcecode.c.objc; path = MGTemplateDetailsCell.m; sourceTree = "<group>"; };
		04F54C602E5BF95000769DAA /* MGTemplateDetailsCell.xib */ = {isa = PBXFileReference; lastKnownFileType = file.xib; path = MGTemplateDetailsCell.xib; sourceTree = "<group>"; };
		04F54C642E5BF9E000769DAA /* MGFaceRecognition.h */ = {isa = PBXFileReference; lastKnownFileType = sourcecode.c.h; path = MGFaceRecognition.h; sourceTree = "<group>"; };
		04F54C652E5BF9E000769DAA /* MGFaceRecognition.m */ = {isa = PBXFileReference; lastKnownFileType = sourcecode.c.objc; path = MGFaceRecognition.m; sourceTree = "<group>"; };
		04F54C672E5BFE3000769DAA /* MGProductionController.h */ = {isa = PBXFileReference; lastKnownFileType = sourcecode.c.h; path = MGProductionController.h; sourceTree = "<group>"; };
		04F54C682E5BFE3000769DAA /* MGProductionController.m */ = {isa = PBXFileReference; lastKnownFileType = sourcecode.c.objc; path = MGProductionController.m; sourceTree = "<group>"; };
		04F54C692E5BFE3000769DAA /* MGProductionController.xib */ = {isa = PBXFileReference; lastKnownFileType = file.xib; path = MGProductionController.xib; sourceTree = "<group>"; };
		04F54C6C2E5C124700769DAA /* MGProductionProgress.h */ = {isa = PBXFileReference; lastKnownFileType = sourcecode.c.h; path = MGProductionProgress.h; sourceTree = "<group>"; };
		04F54C6D2E5C124700769DAA /* MGProductionProgress.m */ = {isa = PBXFileReference; lastKnownFileType = sourcecode.c.objc; path = MGProductionProgress.m; sourceTree = "<group>"; };
		04F54C722E5D4CA700769DAA /* MGFavoriteListController.h */ = {isa = PBXFileReference; lastKnownFileType = sourcecode.c.h; path = MGFavoriteListController.h; sourceTree = "<group>"; };
		04F54C732E5D4CA700769DAA /* MGFavoriteListController.m */ = {isa = PBXFileReference; lastKnownFileType = sourcecode.c.objc; path = MGFavoriteListController.m; sourceTree = "<group>"; };
		04F54C752E5D4CE100769DAA /* MGFavoriteTemplateModel.h */ = {isa = PBXFileReference; lastKnownFileType = sourcecode.c.h; path = MGFavoriteTemplateModel.h; sourceTree = "<group>"; };
		04F54C762E5D4CE100769DAA /* MGFavoriteTemplateModel.m */ = {isa = PBXFileReference; lastKnownFileType = sourcecode.c.objc; path = MGFavoriteTemplateModel.m; sourceTree = "<group>"; };
		04F54C7A2E5D5BD200769DAA /* LVAlertView.h */ = {isa = PBXFileReference; lastKnownFileType = sourcecode.c.h; path = LVAlertView.h; sourceTree = "<group>"; };
		04F54C7B2E5D5BD200769DAA /* LVAlertView.m */ = {isa = PBXFileReference; lastKnownFileType = sourcecode.c.objc; path = LVAlertView.m; sourceTree = "<group>"; };
		04F54C7C2E5D5BD200769DAA /* LVAlertView.xib */ = {isa = PBXFileReference; lastKnownFileType = file.xib; path = LVAlertView.xib; sourceTree = "<group>"; };
		04F54C7F2E5DA33A00769DAA /* right_loading.gif */ = {isa = PBXFileReference; lastKnownFileType = image.gif; path = right_loading.gif; sourceTree = "<group>"; };
		04F54C812E5DA35500769DAA /* left_loading.gif */ = {isa = PBXFileReference; lastKnownFileType = image.gif; path = left_loading.gif; sourceTree = "<group>"; };
		04F54C832E5EB70600769DAA /* MGGeneratedListController.h */ = {isa = PBXFileReference; lastKnownFileType = sourcecode.c.h; path = MGGeneratedListController.h; sourceTree = "<group>"; };
		04F54C842E5EB70600769DAA /* MGGeneratedListController.m */ = {isa = PBXFileReference; lastKnownFileType = sourcecode.c.objc; path = MGGeneratedListController.m; sourceTree = "<group>"; };
		04F54C862E5EB72900769DAA /* MGGeneratedListCell.h */ = {isa = PBXFileReference; lastKnownFileType = sourcecode.c.h; path = MGGeneratedListCell.h; sourceTree = "<group>"; };
		04F54C872E5EB72900769DAA /* MGGeneratedListCell.m */ = {isa = PBXFileReference; lastKnownFileType = sourcecode.c.objc; path = MGGeneratedListCell.m; sourceTree = "<group>"; };
		04F54C882E5EB72900769DAA /* MGGeneratedListCell.xib */ = {isa = PBXFileReference; lastKnownFileType = file.xib; path = MGGeneratedListCell.xib; sourceTree = "<group>"; };
		04F54C8E2E5EEED600769DAA /* MGImageWorksManager.h */ = {isa = PBXFileReference; lastKnownFileType = sourcecode.c.h; path = MGImageWorksManager.h; sourceTree = "<group>"; };
		04F54C8F2E5EEED600769DAA /* MGImageWorksManager.m */ = {isa = PBXFileReference; lastKnownFileType = sourcecode.c.objc; path = MGImageWorksManager.m; sourceTree = "<group>"; };
		04F54C912E5EF0AB00769DAA /* MGImageWorksModel.h */ = {isa = PBXFileReference; lastKnownFileType = sourcecode.c.h; path = MGImageWorksModel.h; sourceTree = "<group>"; };
		04F54C922E5EF0AB00769DAA /* MGImageWorksModel.m */ = {isa = PBXFileReference; lastKnownFileType = sourcecode.c.objc; path = MGImageWorksModel.m; sourceTree = "<group>"; };
		04F54C942E6000B900769DAA /* MGGeneratedDetailsController.h */ = {isa = PBXFileReference; lastKnownFileType = sourcecode.c.h; path = MGGeneratedDetailsController.h; sourceTree = "<group>"; };
		04F54C952E6000B900769DAA /* MGGeneratedDetailsController.m */ = {isa = PBXFileReference; lastKnownFileType = sourcecode.c.objc; path = MGGeneratedDetailsController.m; sourceTree = "<group>"; };
		04F54C962E6000B900769DAA /* MGGeneratedDetailsController.xib */ = {isa = PBXFileReference; lastKnownFileType = file.xib; path = MGGeneratedDetailsController.xib; sourceTree = "<group>"; };
		04F54C992E602C7100769DAA /* MGReviewImageCell.h */ = {isa = PBXFileReference; lastKnownFileType = sourcecode.c.h; path = MGReviewImageCell.h; sourceTree = "<group>"; };
		04F54C9A2E602C7100769DAA /* MGReviewImageCell.m */ = {isa = PBXFileReference; lastKnownFileType = sourcecode.c.objc; path = MGReviewImageCell.m; sourceTree = "<group>"; };
		64DD56DCE6B674BEB2758DF4 /* Pods-Magina.debug.xcconfig */ = {isa = PBXFileReference; includeInIndex = 1; lastKnownFileType = text.xcconfig; name = "Pods-Magina.debug.xcconfig"; path = "Target Support Files/Pods-Magina/Pods-Magina.debug.xcconfig"; sourceTree = "<group>"; };
		75C50838DFF8AFFA3B1D401A /* Pods_Magina.framework */ = {isa = PBXFileReference; explicitFileType = wrapper.framework; includeInIndex = 0; path = Pods_Magina.framework; sourceTree = BUILT_PRODUCTS_DIR; };
		924A495E2CEAA3C9DFE27B07 /* Pods-Magina.release.xcconfig */ = {isa = PBXFileReference; includeInIndex = 1; lastKnownFileType = text.xcconfig; name = "Pods-Magina.release.xcconfig"; path = "Target Support Files/Pods-Magina/Pods-Magina.release.xcconfig"; sourceTree = "<group>"; };
/* End PBXFileReference section */

/* Begin PBXFrameworksBuildPhase section */
		04A9F2D42E4ADF56005F3FC2 /* Frameworks */ = {
			isa = PBXFrameworksBuildPhase;
			buildActionMask = 2147483647;
			files = (
				8AE9E8B1543D003823C4F1E4 /* Pods_Magina.framework in Frameworks */,
			);
			runOnlyForDeploymentPostprocessing = 0;
		};
/* End PBXFrameworksBuildPhase section */

/* Begin PBXGroup section */
		047473402E559E6D004AFE7D /* AlbumPhotosHandler */ = {
			isa = PBXGroup;
			children = (
				047473412E559E98004AFE7D /* MGImageManager.h */,
				047473422E559E98004AFE7D /* MGImageManager.m */,
				047473452E55ABE6004AFE7D /* MGAssetModel.h */,
				047473462E55ABE6004AFE7D /* MGAssetModel.m */,
			);
			path = AlbumPhotosHandler;
			sourceTree = "<group>";
		};
		04A9F2CE2E4ADF56005F3FC2 = {
			isa = PBXGroup;
			children = (
				04A9F2FD2E4AE1EA005F3FC2 /* Magina */,
				04A9F2D82E4ADF56005F3FC2 /* Products */,
				3FDB2C28B0A4DC0EE45210CD /* Pods */,
				B68C92882A6D1FE19D88DE51 /* Frameworks */,
			);
			sourceTree = "<group>";
		};
		04A9F2D82E4ADF56005F3FC2 /* Products */ = {
			isa = PBXGroup;
			children = (
				04A9F2D72E4ADF56005F3FC2 /* Magina.app */,
			);
			name = Products;
			sourceTree = "<group>";
		};
		04A9F2FD2E4AE1EA005F3FC2 /* Magina */ = {
			isa = PBXGroup;
			children = (
				04A9F3142E4AE436005F3FC2 /* Classes */,
				04A9F2F62E4AE1EA005F3FC2 /* Assets.xcassets */,
				04A9F2F72E4AE1EA005F3FC2 /* Info.plist */,
				04A9F2F92E4AE1EA005F3FC2 /* LaunchScreen.storyboard */,
				04CDD1422E58145900286F4C /* Magina.entitlements */,
				04F54C7F2E5DA33A00769DAA /* right_loading.gif */,
				04F54C812E5DA35500769DAA /* left_loading.gif */,
			);
			path = Magina;
			sourceTree = "<group>";
		};
		04A9F3042E4AE436005F3FC2 /* Base */ = {
			isa = PBXGroup;
			children = (
				04E6E1B72E4B215500407F94 /* Controller */,
				04E6E1B82E4B215500407F94 /* Model */,
				04E6E1B92E4B215500407F94 /* View */,
			);
			path = Base;
			sourceTree = "<group>";
		};
		04A9F3052E4AE436005F3FC2 /* Global */ = {
			isa = PBXGroup;
			children = (
				04A9F35A2E4B0C73005F3FC2 /* MGGlobalManager.h */,
				04A9F35B2E4B0C73005F3FC2 /* MGGlobalManager.m */,
				04F54C8E2E5EEED600769DAA /* MGImageWorksManager.h */,
				04F54C8F2E5EEED600769DAA /* MGImageWorksManager.m */,
				04A9F3572E4B0C19005F3FC2 /* Controller */,
				04A9F3582E4B0C19005F3FC2 /* Model */,
				04A9F3592E4B0C19005F3FC2 /* View */,
			);
			path = Global;
			sourceTree = "<group>";
		};
		04A9F3072E4AE436005F3FC2 /* Model */ = {
			isa = PBXGroup;
			children = (
				04E6E1CB2E4C3BF700407F94 /* MGTemplateCategoryModel.h */,
				04E6E1CC2E4C3BF700407F94 /* MGTemplateCategoryModel.m */,
				04E6E1CE2E4C62D700407F94 /* MGTemplateListModel.h */,
				04E6E1CF2E4C62D700407F94 /* MGTemplateListModel.m */,
				04F54C4F2E5BF90400769DAA /* MGTemplateListViewModel.h */,
				04F54C502E5BF90400769DAA /* MGTemplateListViewModel.m */,
			);
			path = Model;
			sourceTree = "<group>";
		};
		04A9F3082E4AE436005F3FC2 /* View */ = {
			isa = PBXGroup;
			children = (
				04E6E1C32E4C29F700407F94 /* MGHomeListCell.h */,
				04E6E1C42E4C29F700407F94 /* MGHomeListCell.m */,
				04E6E1D12E4C7B0700407F94 /* MGTemplateFilterSheet.h */,
				04E6E1D22E4C7B0700407F94 /* MGTemplateFilterSheet.m */,
				04E6E1D42E4ED0F700407F94 /* MGGetPointsView.h */,
				04E6E1D52E4ED0F700407F94 /* MGGetPointsView.m */,
				04E6E1D72E4ED2BA00407F94 /* MGGetPointsView.xib */,
				04E8C3FF2E4EE33800EC2E96 /* MGGetPointsFreeAlertView.h */,
				04E8C4002E4EE33800EC2E96 /* MGGetPointsFreeAlertView.m */,
				04E8C4022E4EE34300EC2E96 /* MGGetPointsFreeAlertView.xib */,
				047473482E55C1C1004AFE7D /* MGAlbumPhotoListCell.h */,
				047473492E55C1C1004AFE7D /* MGAlbumPhotoListCell.m */,
				0474734A2E55C1C1004AFE7D /* MGAlbumPhotoListCell.xib */,
				04CDD0E92E56CB5E00286F4C /* MGAlbumTakePhotoCell.h */,
				04CDD0EA2E56CB5E00286F4C /* MGAlbumTakePhotoCell.m */,
				04CDD0EB2E56CB5E00286F4C /* MGAlbumTakePhotoCell.xib */,
				04F54C522E5BF94200769DAA /* MGSelectFaceCell.h */,
				04F54C532E5BF94200769DAA /* MGSelectFaceCell.m */,
				04F54C542E5BF94200769DAA /* MGSelectFaceCell.xib */,
				04F54C552E5BF94200769DAA /* MGFaceResultCell.h */,
				04F54C562E5BF94200769DAA /* MGFaceResultCell.m */,
				04F54C572E5BF94200769DAA /* MGFaceResultCell.xib */,
				04CDD0F42E56EF7900286F4C /* MGShotFocusView.h */,
				04CDD0F52E56EF7900286F4C /* MGShotFocusView.m */,
				04F54C5C2E5BF95000769DAA /* MGAlbumListView.h */,
				04F54C5D2E5BF95000769DAA /* MGAlbumListView.m */,
				04F54C5E2E5BF95000769DAA /* MGTemplateDetailsCell.h */,
				04F54C5F2E5BF95000769DAA /* MGTemplateDetailsCell.m */,
				04F54C602E5BF95000769DAA /* MGTemplateDetailsCell.xib */,
				04F54C6C2E5C124700769DAA /* MGProductionProgress.h */,
				04F54C6D2E5C124700769DAA /* MGProductionProgress.m */,
				04F54C862E5EB72900769DAA /* MGGeneratedListCell.h */,
				04F54C872E5EB72900769DAA /* MGGeneratedListCell.m */,
				04F54C882E5EB72900769DAA /* MGGeneratedListCell.xib */,
				04F54C992E602C7100769DAA /* MGReviewImageCell.h */,
				04F54C9A2E602C7100769DAA /* MGReviewImageCell.m */,
			);
			path = View;
			sourceTree = "<group>";
		};
		04A9F3092E4AE436005F3FC2 /* Home */ = {
			isa = PBXGroup;
			children = (
				04CDD1432E5815BB00286F4C /* Controller */,
				04A9F3072E4AE436005F3FC2 /* Model */,
				04A9F3082E4AE436005F3FC2 /* View */,
			);
			path = Home;
			sourceTree = "<group>";
		};
		04A9F30A2E4AE436005F3FC2 /* Controller */ = {
			isa = PBXGroup;
			children = (
			);
			path = Controller;
			sourceTree = "<group>";
		};
		04A9F30B2E4AE436005F3FC2 /* Model */ = {
			isa = PBXGroup;
			children = (
			);
			path = Model;
			sourceTree = "<group>";
		};
		04A9F30C2E4AE436005F3FC2 /* View */ = {
			isa = PBXGroup;
			children = (
			);
			path = View;
			sourceTree = "<group>";
		};
		04A9F30D2E4AE436005F3FC2 /* Login */ = {
			isa = PBXGroup;
			children = (
				04A9F30A2E4AE436005F3FC2 /* Controller */,
				04A9F30B2E4AE436005F3FC2 /* Model */,
				04A9F30C2E4AE436005F3FC2 /* View */,
			);
			path = Login;
			sourceTree = "<group>";
		};
		04A9F30E2E4AE436005F3FC2 /* Controller */ = {
			isa = PBXGroup;
			children = (
				04E8C4042E4F1FEB00EC2E96 /* MGMineController.h */,
				04E8C4052E4F1FEB00EC2E96 /* MGMineController.m */,
				04E8C4112E4F297300EC2E96 /* MGMineListController.h */,
				04E8C4122E4F297300EC2E96 /* MGMineListController.m */,
				047473132E52F271004AFE7D /* MGPersonalController.h */,
				047473142E52F271004AFE7D /* MGPersonalController.m */,
				047473202E52F9A8004AFE7D /* MGPointsListController.h */,
				047473212E52F9A8004AFE7D /* MGPointsListController.m */,
				0474732B2E542458004AFE7D /* MGMemberController.h */,
				0474732C2E542458004AFE7D /* MGMemberController.m */,
				047473332E542AE0004AFE7D /* MGMemberListController.h */,
				047473342E542AE0004AFE7D /* MGMemberListController.m */,
				047473262E5413ED004AFE7D /* MGInviteFriendsController.h */,
				047473272E5413ED004AFE7D /* MGInviteFriendsController.m */,
				047473282E5413ED004AFE7D /* MGInviteFriendsController.xib */,
			);
			path = Controller;
			sourceTree = "<group>";
		};
		04A9F30F2E4AE436005F3FC2 /* Model */ = {
			isa = PBXGroup;
			children = (
				04CDD15D2E585A5000286F4C /* MGPointsDetailsModel.h */,
				04CDD15E2E585A5000286F4C /* MGPointsDetailsModel.m */,
			);
			path = Model;
			sourceTree = "<group>";
		};
		04A9F3102E4AE436005F3FC2 /* View */ = {
			isa = PBXGroup;
			children = (
				04E8C4072E4F200900EC2E96 /* MGMineHeaderView.h */,
				04E8C4082E4F200900EC2E96 /* MGMineHeaderView.m */,
				04E8C40A2E4F201300EC2E96 /* MGMineHeaderView.xib */,
				04E8C40C2E4F28BA00EC2E96 /* MGMineListCell.h */,
				04E8C40D2E4F28BA00EC2E96 /* MGMineListCell.m */,
				04E8C40E2E4F28BA00EC2E96 /* MGMineListCell.xib */,
				047473162E52F306004AFE7D /* MGPersonalCell.h */,
				047473172E52F306004AFE7D /* MGPersonalCell.m */,
				047473192E52F323004AFE7D /* MGPersonalCell.xib */,
				0474731B2E52F829004AFE7D /* MGPointsListCell.h */,
				0474731C2E52F829004AFE7D /* MGPointsListCell.m */,
				0474731E2E52F84D004AFE7D /* MGPointsListCell.xib */,
				0474732E2E54248F004AFE7D /* MGMemberHeader.h */,
				0474732F2E54248F004AFE7D /* MGMemberHeader.m */,
				047473312E54249A004AFE7D /* MGMemberHeader.xib */,
			);
			path = View;
			sourceTree = "<group>";
		};
		04A9F3112E4AE436005F3FC2 /* Mine */ = {
			isa = PBXGroup;
			children = (
				04A9F30E2E4AE436005F3FC2 /* Controller */,
				04A9F30F2E4AE436005F3FC2 /* Model */,
				04A9F3102E4AE436005F3FC2 /* View */,
			);
			path = Mine;
			sourceTree = "<group>";
		};
		04A9F3122E4AE436005F3FC2 /* Other */ = {
			isa = PBXGroup;
			children = (
				04A9F2F42E4AE1EA005F3FC2 /* AppDelegate.h */,
				04A9F2F52E4AE1EA005F3FC2 /* AppDelegate.m */,
				04A9F3152E4AE4E2005F3FC2 /* MGHttpMacros.h */,
				04A9F3162E4AE530005F3FC2 /* MGPrefixHeader.pch */,
				04A9F2FA2E4AE1EA005F3FC2 /* main.m */,
			);
			path = Other;
			sourceTree = "<group>";
		};
		04A9F3132E4AE436005F3FC2 /* Tools */ = {
			isa = PBXGroup;
			children = (
				04A9F3292E4AE6D3005F3FC2 /* Category */,
				04A9F3372E4AE6F6005F3FC2 /* DevicCenter */,
				04A9F33C2E4AE6F6005F3FC2 /* HttpHandler */,
				04A9F3412E4AE719005F3FC2 /* LoginHandler */,
				047473402E559E6D004AFE7D /* AlbumPhotosHandler */,
				04A9F3422E4AE730005F3FC2 /* LPNetwortReachability.h */,
				04A9F3432E4AE730005F3FC2 /* LPNetwortReachability.m */,
				04A9F3452E4AE749005F3FC2 /* LVKeyboardLaunch.h */,
				04A9F3462E4AE749005F3FC2 /* LVKeyboardLaunch.m */,
				04A9F3472E4AE749005F3FC2 /* LVCommonTool.h */,
				04A9F3482E4AE749005F3FC2 /* LVCommonTool.m */,
				04A9F3492E4AE749005F3FC2 /* LVTimer.h */,
				04A9F34A2E4AE749005F3FC2 /* LVTimer.m */,
				04A9F34B2E4AE749005F3FC2 /* LTVWaterFlowLayout.h */,
				04A9F34C2E4AE749005F3FC2 /* LTVWaterFlowLayout.m */,
				04CDD0EE2E56E76F00286F4C /* SLAvCaptureTool.h */,
				04CDD0EF2E56E76F00286F4C /* SLAvCaptureTool.m */,
				04CDD12D2E570FFE00286F4C /* SLDelayPerform.h */,
				04CDD12E2E570FFE00286F4C /* SLDelayPerform.m */,
				04F54C642E5BF9E000769DAA /* MGFaceRecognition.h */,
				04F54C652E5BF9E000769DAA /* MGFaceRecognition.m */,
			);
			path = Tools;
			sourceTree = "<group>";
		};
		04A9F3142E4AE436005F3FC2 /* Classes */ = {
			isa = PBXGroup;
			children = (
				04A9F30D2E4AE436005F3FC2 /* Login */,
				04A9F3092E4AE436005F3FC2 /* Home */,
				04CDD13D2E580FA600286F4C /* Photos */,
				04A9F3112E4AE436005F3FC2 /* Mine */,
				04A9F3052E4AE436005F3FC2 /* Global */,
				04A9F3042E4AE436005F3FC2 /* Base */,
				04A9F3132E4AE436005F3FC2 /* Tools */,
				04A9F3122E4AE436005F3FC2 /* Other */,
			);
			path = Classes;
			sourceTree = "<group>";
		};
		04A9F3292E4AE6D3005F3FC2 /* Category */ = {
			isa = PBXGroup;
			children = (
				04A9F3172E4AE6D3005F3FC2 /* NSDate+Helper.h */,
				04A9F3182E4AE6D3005F3FC2 /* NSDate+Helper.m */,
				04A9F31B2E4AE6D3005F3FC2 /* NSString+LP.h */,
				04A9F31C2E4AE6D3005F3FC2 /* NSString+LP.m */,
				04A9F31D2E4AE6D3005F3FC2 /* UIhelpTools.h */,
				04A9F31E2E4AE6D3005F3FC2 /* UIhelpTools.m */,
				04A9F31F2E4AE6D3005F3FC2 /* UIImage+LP.h */,
				04A9F3202E4AE6D3005F3FC2 /* UIImage+LP.m */,
				04A9F3212E4AE6D3005F3FC2 /* UIView+GradientColors.h */,
				04A9F3222E4AE6D3005F3FC2 /* UIView+GradientColors.m */,
				04A9F3232E4AE6D3005F3FC2 /* UIView+Layout.h */,
				04A9F3242E4AE6D3005F3FC2 /* UIView+Layout.m */,
				04A9F3252E4AE6D3005F3FC2 /* UIView+LPRadius.h */,
				04A9F3262E4AE6D3005F3FC2 /* UIView+LPRadius.m */,
				04A9F3272E4AE6D3005F3FC2 /* UIView+Toast.h */,
				04A9F3282E4AE6D3005F3FC2 /* UIView+Toast.m */,
				04A9F3192E4AE6D3005F3FC2 /* NSLayoutConstraint+BSIBDesignable.h */,
				04A9F31A2E4AE6D3005F3FC2 /* NSLayoutConstraint+BSIBDesignable.m */,
			);
			path = Category;
			sourceTree = "<group>";
		};
		04A9F3372E4AE6F6005F3FC2 /* DevicCenter */ = {
			isa = PBXGroup;
			children = (
				04A9F3332E4AE6F6005F3FC2 /* SWDeviceCenter.h */,
				04A9F3342E4AE6F6005F3FC2 /* SWDeviceCenter.m */,
				04A9F3352E4AE6F6005F3FC2 /* SWKeyChainStore.h */,
				04A9F3362E4AE6F6005F3FC2 /* SWKeyChainStore.m */,
			);
			path = DevicCenter;
			sourceTree = "<group>";
		};
		04A9F33C2E4AE6F6005F3FC2 /* HttpHandler */ = {
			isa = PBXGroup;
			children = (
				04A9F3382E4AE6F6005F3FC2 /* LVHttpRequest.h */,
				04A9F3392E4AE6F6005F3FC2 /* LVHttpRequest.m */,
				04A9F33A2E4AE6F6005F3FC2 /* LVHttpRequestHelper.h */,
				04A9F33B2E4AE6F6005F3FC2 /* LVHttpRequestHelper.m */,
			);
			path = HttpHandler;
			sourceTree = "<group>";
		};
		04A9F3412E4AE719005F3FC2 /* LoginHandler */ = {
			isa = PBXGroup;
			children = (
				04A9F3512E4AE780005F3FC2 /* MGLoginFactory.h */,
				04A9F3522E4AE780005F3FC2 /* MGLoginFactory.m */,
				04A9F3542E4AE796005F3FC2 /* MGAppleLogin.h */,
				04A9F3552E4AE796005F3FC2 /* MGAppleLogin.m */,
			);
			path = LoginHandler;
			sourceTree = "<group>";
		};
		04A9F3572E4B0C19005F3FC2 /* Controller */ = {
			isa = PBXGroup;
			children = (
				04E6E1B42E4B200A00407F94 /* MGMainNavigationController.h */,
				04E6E1B52E4B200A00407F94 /* MGMainNavigationController.m */,
				047473232E532386004AFE7D /* MGMainContainerController.h */,
				047473242E532386004AFE7D /* MGMainContainerController.m */,
			);
			path = Controller;
			sourceTree = "<group>";
		};
		04A9F3582E4B0C19005F3FC2 /* Model */ = {
			isa = PBXGroup;
			children = (
				04CDD1572E58492E00286F4C /* MGAccountInfo.h */,
				04CDD1582E58492E00286F4C /* MGAccountInfo.m */,
				04F54C912E5EF0AB00769DAA /* MGImageWorksModel.h */,
				04F54C922E5EF0AB00769DAA /* MGImageWorksModel.m */,
			);
			path = Model;
			sourceTree = "<group>";
		};
		04A9F3592E4B0C19005F3FC2 /* View */ = {
			isa = PBXGroup;
			children = (
				04F54C7A2E5D5BD200769DAA /* LVAlertView.h */,
				04F54C7B2E5D5BD200769DAA /* LVAlertView.m */,
				04F54C7C2E5D5BD200769DAA /* LVAlertView.xib */,
				04CDD15A2E5859F400286F4C /* LVEmptyView.h */,
				04CDD15B2E5859F400286F4C /* LVEmptyView.m */,
			);
			path = View;
			sourceTree = "<group>";
		};
		04CDD1372E580FA600286F4C /* Controller */ = {
			isa = PBXGroup;
			children = (
				04CDD1352E580FA600286F4C /* MGPhotosController.h */,
				04CDD1362E580FA600286F4C /* MGPhotosController.m */,
				04CDD1332E580FA600286F4C /* MGPhotoListController.h */,
				04CDD1342E580FA600286F4C /* MGPhotoListController.m */,
				04F54C722E5D4CA700769DAA /* MGFavoriteListController.h */,
				04F54C732E5D4CA700769DAA /* MGFavoriteListController.m */,
			);
			path = Controller;
			sourceTree = "<group>";
		};
		04CDD1382E580FA600286F4C /* Model */ = {
			isa = PBXGroup;
			children = (
				04F54C752E5D4CE100769DAA /* MGFavoriteTemplateModel.h */,
				04F54C762E5D4CE100769DAA /* MGFavoriteTemplateModel.m */,
			);
			path = Model;
			sourceTree = "<group>";
		};
		04CDD13C2E580FA600286F4C /* View */ = {
			isa = PBXGroup;
			children = (
				04CDD1392E580FA600286F4C /* MGPhotoListCell.h */,
				04CDD13A2E580FA600286F4C /* MGPhotoListCell.m */,
				04CDD13B2E580FA600286F4C /* MGPhotoListCell.xib */,
			);
			path = View;
			sourceTree = "<group>";
		};
		04CDD13D2E580FA600286F4C /* Photos */ = {
			isa = PBXGroup;
			children = (
				04CDD1372E580FA600286F4C /* Controller */,
				04CDD1382E580FA600286F4C /* Model */,
				04CDD13C2E580FA600286F4C /* View */,
			);
			path = Photos;
			sourceTree = "<group>";
		};
		04CDD1432E5815BB00286F4C /* Controller */ = {
			isa = PBXGroup;
			children = (
				04CDD1472E5815C300286F4C /* MGHomeController.h */,
				04CDD1482E5815C300286F4C /* MGHomeController.m */,
				04CDD1492E5815C300286F4C /* MGHomeListController.h */,
				04CDD14A2E5815C300286F4C /* MGHomeListController.m */,
				04CDD14D2E5815C300286F4C /* MGTemplateDetailsController.h */,
				04CDD14E2E5815C300286F4C /* MGTemplateDetailsController.m */,
				04F54C482E5BF8D400769DAA /* MGTemplateDetailsController.xib */,
				04CDD1442E5815C300286F4C /* MGAddPhotosController.h */,
				04CDD1452E5815C300286F4C /* MGAddPhotosController.m */,
				04CDD1462E5815C300286F4C /* MGAddPhotosController.xib */,
				04F54C4A2E5BF8ED00769DAA /* MGSelectFaceController.h */,
				04F54C4B2E5BF8ED00769DAA /* MGSelectFaceController.m */,
				04F54C4C2E5BF8ED00769DAA /* MGSelectFaceController.xib */,
				04CDD14B2E5815C300286F4C /* MGShotController.h */,
				04CDD14C2E5815C300286F4C /* MGShotController.m */,
				04F54C672E5BFE3000769DAA /* MGProductionController.h */,
				04F54C682E5BFE3000769DAA /* MGProductionController.m */,
				04F54C692E5BFE3000769DAA /* MGProductionController.xib */,
				04F54C832E5EB70600769DAA /* MGGeneratedListController.h */,
				04F54C842E5EB70600769DAA /* MGGeneratedListController.m */,
				04F54C942E6000B900769DAA /* MGGeneratedDetailsController.h */,
				04F54C952E6000B900769DAA /* MGGeneratedDetailsController.m */,
				04F54C962E6000B900769DAA /* MGGeneratedDetailsController.xib */,
			);
			path = Controller;
			sourceTree = "<group>";
		};
		04E6E1B72E4B215500407F94 /* Controller */ = {
			isa = PBXGroup;
			children = (
				04E6E1BA2E4B217D00407F94 /* MGBaseController.h */,
				04E6E1BB2E4B217D00407F94 /* MGBaseController.m */,
			);
			path = Controller;
			sourceTree = "<group>";
		};
		04E6E1B82E4B215500407F94 /* Model */ = {
			isa = PBXGroup;
			children = (
				04E6E1C82E4C3BC200407F94 /* MGBaseModel.h */,
				04E6E1C92E4C3BC200407F94 /* MGBaseModel.m */,
			);
			path = Model;
			sourceTree = "<group>";
		};
		04E6E1B92E4B215500407F94 /* View */ = {
			isa = PBXGroup;
			children = (
			);
			path = View;
			sourceTree = "<group>";
		};
		3FDB2C28B0A4DC0EE45210CD /* Pods */ = {
			isa = PBXGroup;
			children = (
				64DD56DCE6B674BEB2758DF4 /* Pods-Magina.debug.xcconfig */,
				924A495E2CEAA3C9DFE27B07 /* Pods-Magina.release.xcconfig */,
			);
			path = Pods;
			sourceTree = "<group>";
		};
		B68C92882A6D1FE19D88DE51 /* Frameworks */ = {
			isa = PBXGroup;
			children = (
				75C50838DFF8AFFA3B1D401A /* Pods_Magina.framework */,
			);
			name = Frameworks;
			sourceTree = "<group>";
		};
/* End PBXGroup section */

/* Begin PBXNativeTarget section */
		04A9F2D62E4ADF56005F3FC2 /* Magina */ = {
			isa = PBXNativeTarget;
			buildConfigurationList = 04A9F2EF2E4ADF58005F3FC2 /* Build configuration list for PBXNativeTarget "Magina" */;
			buildPhases = (
				E29DE33B92061E3488121D56 /* [CP] Check Pods Manifest.lock */,
				04A9F2D32E4ADF56005F3FC2 /* Sources */,
				04A9F2D42E4ADF56005F3FC2 /* Frameworks */,
				04A9F2D52E4ADF56005F3FC2 /* Resources */,
				EFF40287EC1BB9FFCE80E8F2 /* [CP] Embed Pods Frameworks */,
			);
			buildRules = (
			);
			dependencies = (
			);
			name = Magina;
			productName = Magina;
			productReference = 04A9F2D72E4ADF56005F3FC2 /* Magina.app */;
			productType = "com.apple.product-type.application";
		};
/* End PBXNativeTarget section */

/* Begin PBXProject section */
		04A9F2CF2E4ADF56005F3FC2 /* Project object */ = {
			isa = PBXProject;
			attributes = {
				BuildIndependentTargetsInParallel = 1;
				CLASSPREFIX = MG;
				LastUpgradeCheck = 1640;
				TargetAttributes = {
					04A9F2D62E4ADF56005F3FC2 = {
						CreatedOnToolsVersion = 16.4;
					};
				};
			};
			buildConfigurationList = 04A9F2D22E4ADF56005F3FC2 /* Build configuration list for PBXProject "Magina" */;
			compatibilityVersion = "Xcode 14.0";
			developmentRegion = en;
			hasScannedForEncodings = 0;
			knownRegions = (
				en,
				Base,
			);
			mainGroup = 04A9F2CE2E4ADF56005F3FC2;
			minimizedProjectReferenceProxies = 1;
			productRefGroup = 04A9F2D82E4ADF56005F3FC2 /* Products */;
			projectDirPath = "";
			projectRoot = "";
			targets = (
				04A9F2D62E4ADF56005F3FC2 /* Magina */,
			);
		};
/* End PBXProject section */

/* Begin PBXResourcesBuildPhase section */
		04A9F2D52E4ADF56005F3FC2 /* Resources */ = {
			isa = PBXResourcesBuildPhase;
			buildActionMask = 2147483647;
			files = (
				04F54C5A2E5BF94200769DAA /* MGSelectFaceCell.xib in Resources */,
				04F54C5B2E5BF94200769DAA /* MGFaceResultCell.xib in Resources */,
				04F54C822E5DA35500769DAA /* left_loading.gif in Resources */,
				0474734C2E55C1C1004AFE7D /* MGAlbumPhotoListCell.xib in Resources */,
				0474731F2E52F84D004AFE7D /* MGPointsListCell.xib in Resources */,
				04CDD1502E5815C300286F4C /* MGAddPhotosController.xib in Resources */,
				047473322E54249A004AFE7D /* MGMemberHeader.xib in Resources */,
				04F54C6B2E5BFE3000769DAA /* MGProductionController.xib in Resources */,
				04CDD0EC2E56CB5E00286F4C /* MGAlbumTakePhotoCell.xib in Resources */,
				04F54C802E5DA33A00769DAA /* right_loading.gif in Resources */,
				04F54C4E2E5BF8ED00769DAA /* MGSelectFaceController.xib in Resources */,
				04E6E1D82E4ED2BA00407F94 /* MGGetPointsView.xib in Resources */,
				04E8C40F2E4F28BA00EC2E96 /* MGMineListCell.xib in Resources */,
				0474731A2E52F323004AFE7D /* MGPersonalCell.xib in Resources */,
				04E8C40B2E4F201300EC2E96 /* MGMineHeaderView.xib in Resources */,
				04F54C492E5BF8D400769DAA /* MGTemplateDetailsController.xib in Resources */,
				047473292E5413ED004AFE7D /* MGInviteFriendsController.xib in Resources */,
				04A9F3012E4AE1EA005F3FC2 /* Assets.xcassets in Resources */,
				04F54C982E6000B900769DAA /* MGGeneratedDetailsController.xib in Resources */,
				04E8C4032E4EE34300EC2E96 /* MGGetPointsFreeAlertView.xib in Resources */,
				04CDD1412E580FA700286F4C /* MGPhotoListCell.xib in Resources */,
				04A9F3032E4AE1EA005F3FC2 /* LaunchScreen.storyboard in Resources */,
				04F54C7E2E5D5BD200769DAA /* LVAlertView.xib in Resources */,
				04F54C632E5BF95000769DAA /* MGTemplateDetailsCell.xib in Resources */,
				04F54C892E5EB72900769DAA /* MGGeneratedListCell.xib in Resources */,
			);
			runOnlyForDeploymentPostprocessing = 0;
		};
/* End PBXResourcesBuildPhase section */

/* Begin PBXShellScriptBuildPhase section */
		E29DE33B92061E3488121D56 /* [CP] Check Pods Manifest.lock */ = {
			isa = PBXShellScriptBuildPhase;
			buildActionMask = 2147483647;
			files = (
			);
			inputFileListPaths = (
			);
			inputPaths = (
				"${PODS_PODFILE_DIR_PATH}/Podfile.lock",
				"${PODS_ROOT}/Manifest.lock",
			);
			name = "[CP] Check Pods Manifest.lock";
			outputFileListPaths = (
			);
			outputPaths = (
				"$(DERIVED_FILE_DIR)/Pods-Magina-checkManifestLockResult.txt",
			);
			runOnlyForDeploymentPostprocessing = 0;
			shellPath = /bin/sh;
			shellScript = "diff \"${PODS_PODFILE_DIR_PATH}/Podfile.lock\" \"${PODS_ROOT}/Manifest.lock\" > /dev/null\nif [ $? != 0 ] ; then\n    # print error to STDERR\n    echo \"error: The sandbox is not in sync with the Podfile.lock. Run 'pod install' or update your CocoaPods installation.\" >&2\n    exit 1\nfi\n# This output is used by Xcode 'outputs' to avoid re-running this script phase.\necho \"SUCCESS\" > \"${SCRIPT_OUTPUT_FILE_0}\"\n";
			showEnvVarsInLog = 0;
		};
		EFF40287EC1BB9FFCE80E8F2 /* [CP] Embed Pods Frameworks */ = {
			isa = PBXShellScriptBuildPhase;
			buildActionMask = 2147483647;
			files = (
			);
			inputFileListPaths = (
				"${PODS_ROOT}/Target Support Files/Pods-Magina/Pods-Magina-frameworks-${CONFIGURATION}-input-files.xcfilelist",
			);
			inputPaths = (
			);
			name = "[CP] Embed Pods Frameworks";
			outputFileListPaths = (
				"${PODS_ROOT}/Target Support Files/Pods-Magina/Pods-Magina-frameworks-${CONFIGURATION}-output-files.xcfilelist",
			);
			outputPaths = (
			);
			runOnlyForDeploymentPostprocessing = 0;
			shellPath = /bin/sh;
			shellScript = "\"${PODS_ROOT}/Target Support Files/Pods-Magina/Pods-Magina-frameworks.sh\"\n";
			showEnvVarsInLog = 0;
		};
/* End PBXShellScriptBuildPhase section */

/* Begin PBXSourcesBuildPhase section */
		04A9F2D32E4ADF56005F3FC2 /* Sources */ = {
			isa = PBXSourcesBuildPhase;
			buildActionMask = 2147483647;
			files = (
				04A9F2FE2E4AE1EA005F3FC2 /* AppDelegate.m in Sources */,
				04E6E1D32E4C7B0700407F94 /* MGTemplateFilterSheet.m in Sources */,
				04E6E1CA2E4C3BC200407F94 /* MGBaseModel.m in Sources */,
				04A9F2FF2E4AE1EA005F3FC2 /* main.m in Sources */,
				047473472E55ABE6004AFE7D /* MGAssetModel.m in Sources */,
				04E6E1D02E4C62D700407F94 /* MGTemplateListModel.m in Sources */,
				04F54C512E5BF90400769DAA /* MGTemplateListViewModel.m in Sources */,
				04E8C4092E4F200900EC2E96 /* MGMineHeaderView.m in Sources */,
				047473352E542AE0004AFE7D /* MGMemberListController.m in Sources */,
				04A9F33D2E4AE6F6005F3FC2 /* LVHttpRequest.m in Sources */,
				04E6E1C72E4C29F700407F94 /* MGHomeListCell.m in Sources */,
				04F54C4D2E5BF8ED00769DAA /* MGSelectFaceController.m in Sources */,
				0474734B2E55C1C1004AFE7D /* MGAlbumPhotoListCell.m in Sources */,
				04F54C582E5BF94200769DAA /* MGSelectFaceCell.m in Sources */,
				04F54C592E5BF94200769DAA /* MGFaceResultCell.m in Sources */,
				04CDD1592E58492E00286F4C /* MGAccountInfo.m in Sources */,
				04A9F35C2E4B0C73005F3FC2 /* MGGlobalManager.m in Sources */,
				04CDD12F2E570FFE00286F4C /* SLDelayPerform.m in Sources */,
				04A9F34D2E4AE749005F3FC2 /* LVKeyboardLaunch.m in Sources */,
				04CDD0F62E56EF7900286F4C /* MGShotFocusView.m in Sources */,
				04A9F34E2E4AE749005F3FC2 /* LVTimer.m in Sources */,
				04A9F3562E4AE796005F3FC2 /* MGAppleLogin.m in Sources */,
				04A9F34F2E4AE749005F3FC2 /* LVCommonTool.m in Sources */,
				04A9F3502E4AE749005F3FC2 /* LTVWaterFlowLayout.m in Sources */,
				04CDD1522E5815C300286F4C /* MGAddPhotosController.m in Sources */,
				04F54C782E5D4CE100769DAA /* MGFavoriteTemplateModel.m in Sources */,
				04F54C6E2E5C124700769DAA /* MGProductionProgress.m in Sources */,
				04CDD1532E5815C300286F4C /* MGShotController.m in Sources */,
				04F54C612E5BF95000769DAA /* MGAlbumListView.m in Sources */,
				04F54C622E5BF95000769DAA /* MGTemplateDetailsCell.m in Sources */,
				04CDD1542E5815C300286F4C /* MGHomeListController.m in Sources */,
				04CDD1552E5815C300286F4C /* MGTemplateDetailsController.m in Sources */,
				04CDD1562E5815C300286F4C /* MGHomeController.m in Sources */,
				047473222E52F9A8004AFE7D /* MGPointsListController.m in Sources */,
				04F54C7D2E5D5BD200769DAA /* LVAlertView.m in Sources */,
				04CDD0ED2E56CB5E00286F4C /* MGAlbumTakePhotoCell.m in Sources */,
				04A9F33E2E4AE6F6005F3FC2 /* SWDeviceCenter.m in Sources */,
				04E8C4102E4F28BA00EC2E96 /* MGMineListCell.m in Sources */,
				04F54C972E6000B900769DAA /* MGGeneratedDetailsController.m in Sources */,
				04A9F33F2E4AE6F6005F3FC2 /* LVHttpRequestHelper.m in Sources */,
				0474732D2E542458004AFE7D /* MGMemberController.m in Sources */,
				0474732A2E5413ED004AFE7D /* MGInviteFriendsController.m in Sources */,
				04F54C9B2E602C7100769DAA /* MGReviewImageCell.m in Sources */,
				04F54C742E5D4CA700769DAA /* MGFavoriteListController.m in Sources */,
				047473182E52F306004AFE7D /* MGPersonalCell.m in Sources */,
				0474731D2E52F829004AFE7D /* MGPointsListCell.m in Sources */,
				04A9F3402E4AE6F6005F3FC2 /* SWKeyChainStore.m in Sources */,
				04F54C852E5EB70600769DAA /* MGGeneratedListController.m in Sources */,
				04F54C662E5BF9E000769DAA /* MGFaceRecognition.m in Sources */,
				04A9F32A2E4AE6D3005F3FC2 /* UIView+GradientColors.m in Sources */,
				04E6E1BC2E4B217D00407F94 /* MGBaseController.m in Sources */,
				04A9F32B2E4AE6D3005F3FC2 /* NSLayoutConstraint+BSIBDesignable.m in Sources */,
				04A9F3442E4AE730005F3FC2 /* LPNetwortReachability.m in Sources */,
				04E8C4132E4F297300EC2E96 /* MGMineListController.m in Sources */,
				04F54C6A2E5BFE3000769DAA /* MGProductionController.m in Sources */,
				04A9F3532E4AE780005F3FC2 /* MGLoginFactory.m in Sources */,
				04CDD0F02E56E76F00286F4C /* SLAvCaptureTool.m in Sources */,
				04F54C8A2E5EB72900769DAA /* MGGeneratedListCell.m in Sources */,
				04A9F32C2E4AE6D3005F3FC2 /* UIView+Toast.m in Sources */,
				04A9F32D2E4AE6D3005F3FC2 /* UIView+LPRadius.m in Sources */,
				04E8C4062E4F1FEB00EC2E96 /* MGMineController.m in Sources */,
				04E6E1CD2E4C3BF700407F94 /* MGTemplateCategoryModel.m in Sources */,
				04A9F32E2E4AE6D3005F3FC2 /* UIImage+LP.m in Sources */,
				04A9F32F2E4AE6D3005F3FC2 /* NSString+LP.m in Sources */,
				04F54C932E5EF0AB00769DAA /* MGImageWorksModel.m in Sources */,
				04E6E1B62E4B200A00407F94 /* MGMainNavigationController.m in Sources */,
				047473432E559E98004AFE7D /* MGImageManager.m in Sources */,
				04F54C902E5EEED600769DAA /* MGImageWorksManager.m in Sources */,
				04A9F3302E4AE6D3005F3FC2 /* UIView+Layout.m in Sources */,
				04E6E1D62E4ED0F700407F94 /* MGGetPointsView.m in Sources */,
				04A9F3312E4AE6D3005F3FC2 /* UIhelpTools.m in Sources */,
				047473252E532386004AFE7D /* MGMainContainerController.m in Sources */,
				04CDD13E2E580FA700286F4C /* MGPhotoListController.m in Sources */,
				04CDD13F2E580FA700286F4C /* MGPhotosController.m in Sources */,
				04CDD15F2E585A5000286F4C /* MGPointsDetailsModel.m in Sources */,
				04CDD1402E580FA700286F4C /* MGPhotoListCell.m in Sources */,
				04CDD15C2E5859F400286F4C /* LVEmptyView.m in Sources */,
				047473302E54248F004AFE7D /* MGMemberHeader.m in Sources */,
				04A9F3322E4AE6D3005F3FC2 /* NSDate+Helper.m in Sources */,
				04E8C4012E4EE33800EC2E96 /* MGGetPointsFreeAlertView.m in Sources */,
				047473152E52F271004AFE7D /* MGPersonalController.m in Sources */,
			);
			runOnlyForDeploymentPostprocessing = 0;
		};
/* End PBXSourcesBuildPhase section */

/* Begin PBXVariantGroup section */
		04A9F2F92E4AE1EA005F3FC2 /* LaunchScreen.storyboard */ = {
			isa = PBXVariantGroup;
			children = (
				04A9F2F82E4AE1EA005F3FC2 /* Base */,
			);
			name = LaunchScreen.storyboard;
			sourceTree = "<group>";
		};
/* End PBXVariantGroup section */

/* Begin XCBuildConfiguration section */
		04A9F2F02E4ADF58005F3FC2 /* Debug */ = {
			isa = XCBuildConfiguration;
			baseConfigurationReference = 64DD56DCE6B674BEB2758DF4 /* Pods-Magina.debug.xcconfig */;
			buildSettings = {
				ASSETCATALOG_COMPILER_APPICON_NAME = AppIcon;
				ASSETCATALOG_COMPILER_GLOBAL_ACCENT_COLOR_NAME = AccentColor;
				CODE_SIGN_ENTITLEMENTS = Magina/Magina.entitlements;
				CODE_SIGN_STYLE = Automatic;
				CURRENT_PROJECT_VERSION = 1;
				DEVELOPMENT_TEAM = 4PGNNN9ZX4;
				ENABLE_USER_SCRIPT_SANDBOXING = NO;
				GCC_PREFIX_HEADER = "$(SRCROOT)/Magina/Classes/Other/MGPrefixHeader.pch";
				GENERATE_INFOPLIST_FILE = YES;
				INFOPLIST_FILE = Magina/Info.plist;
				INFOPLIST_KEY_CFBundleDisplayName = Magina;
				INFOPLIST_KEY_NSCameraUsageDescription = "The app needs to call the camera to scan the QR code or take a photo.";
				INFOPLIST_KEY_NSLocationWhenInUseUsageDescription = "Please allow location to be saved in photos";
				INFOPLIST_KEY_NSMicrophoneUsageDescription = "This lets you include audio with your videos.";
				INFOPLIST_KEY_NSPhotoLibraryUsageDescription = "App needs access to your photo album for profile picture upload or upload media you've already created.";
				INFOPLIST_KEY_NSUserTrackingUsageDescription = "Please rest assured that enabling the permission will not obtain your private information on other sites. The permission is only used to identify the device and ensure service security and improve browsing experience.";
				INFOPLIST_KEY_UIApplicationSupportsIndirectInputEvents = YES;
				INFOPLIST_KEY_UILaunchStoryboardName = LaunchScreen;
				INFOPLIST_KEY_UISupportedInterfaceOrientations_iPad = "UIInterfaceOrientationPortrait UIInterfaceOrientationPortraitUpsideDown UIInterfaceOrientationLandscapeLeft UIInterfaceOrientationLandscapeRight";
				INFOPLIST_KEY_UISupportedInterfaceOrientations_iPhone = "UIInterfaceOrientationPortrait UIInterfaceOrientationLandscapeLeft UIInterfaceOrientationLandscapeRight";
				IPHONEOS_DEPLOYMENT_TARGET = 15.6;
				LD_RUNPATH_SEARCH_PATHS = (
					"$(inherited)",
					"@executable_path/Frameworks",
				);
				MARKETING_VERSION = 1.0;
				PRODUCT_BUNDLE_IDENTIFIER = com.magina.ai;
				PRODUCT_NAME = "$(TARGET_NAME)";
				SWIFT_EMIT_LOC_STRINGS = YES;
				TARGETED_DEVICE_FAMILY = "1,2";
			};
			name = Debug;
		};
		04A9F2F12E4ADF58005F3FC2 /* Release */ = {
			isa = XCBuildConfiguration;
			baseConfigurationReference = 924A495E2CEAA3C9DFE27B07 /* Pods-Magina.release.xcconfig */;
			buildSettings = {
				ASSETCATALOG_COMPILER_APPICON_NAME = AppIcon;
				ASSETCATALOG_COMPILER_GLOBAL_ACCENT_COLOR_NAME = AccentColor;
				CODE_SIGN_ENTITLEMENTS = Magina/Magina.entitlements;
				CODE_SIGN_STYLE = Automatic;
				CURRENT_PROJECT_VERSION = 1;
				DEVELOPMENT_TEAM = 4PGNNN9ZX4;
				ENABLE_USER_SCRIPT_SANDBOXING = NO;
				GCC_PREFIX_HEADER = "$(SRCROOT)/Magina/Classes/Other/MGPrefixHeader.pch";
				GENERATE_INFOPLIST_FILE = YES;
				INFOPLIST_FILE = Magina/Info.plist;
				INFOPLIST_KEY_CFBundleDisplayName = Magina;
				INFOPLIST_KEY_NSCameraUsageDescription = "The app needs to call the camera to scan the QR code or take a photo.";
				INFOPLIST_KEY_NSLocationWhenInUseUsageDescription = "Please allow location to be saved in photos";
				INFOPLIST_KEY_NSMicrophoneUsageDescription = "This lets you include audio with your videos.";
				INFOPLIST_KEY_NSPhotoLibraryUsageDescription = "App needs access to your photo album for profile picture upload or upload media you've already created.";
				INFOPLIST_KEY_NSUserTrackingUsageDescription = "Please rest assured that enabling the permission will not obtain your private information on other sites. The permission is only used to identify the device and ensure service security and improve browsing experience.";
				INFOPLIST_KEY_UIApplicationSupportsIndirectInputEvents = YES;
				INFOPLIST_KEY_UILaunchStoryboardName = LaunchScreen;
				INFOPLIST_KEY_UISupportedInterfaceOrientations_iPad = "UIInterfaceOrientationPortrait UIInterfaceOrientationPortraitUpsideDown UIInterfaceOrientationLandscapeLeft UIInterfaceOrientationLandscapeRight";
				INFOPLIST_KEY_UISupportedInterfaceOrientations_iPhone = "UIInterfaceOrientationPortrait UIInterfaceOrientationLandscapeLeft UIInterfaceOrientationLandscapeRight";
				IPHONEOS_DEPLOYMENT_TARGET = 15.6;
				LD_RUNPATH_SEARCH_PATHS = (
					"$(inherited)",
					"@executable_path/Frameworks",
				);
				MARKETING_VERSION = 1.0;
				PRODUCT_BUNDLE_IDENTIFIER = com.magina.ai;
				PRODUCT_NAME = "$(TARGET_NAME)";
				SWIFT_EMIT_LOC_STRINGS = YES;
				TARGETED_DEVICE_FAMILY = "1,2";
			};
			name = Release;
		};
		04A9F2F22E4ADF58005F3FC2 /* Debug */ = {
			isa = XCBuildConfiguration;
			buildSettings = {
				ALWAYS_SEARCH_USER_PATHS = NO;
				ASSETCATALOG_COMPILER_GENERATE_SWIFT_ASSET_SYMBOL_EXTENSIONS = YES;
				CLANG_ANALYZER_NONNULL = YES;
				CLANG_ANALYZER_NUMBER_OBJECT_CONVERSION = YES_AGGRESSIVE;
				CLANG_CXX_LANGUAGE_STANDARD = "gnu++20";
				CLANG_ENABLE_MODULES = YES;
				CLANG_ENABLE_OBJC_ARC = YES;
				CLANG_ENABLE_OBJC_WEAK = YES;
				CLANG_WARN_BLOCK_CAPTURE_AUTORELEASING = YES;
				CLANG_WARN_BOOL_CONVERSION = YES;
				CLANG_WARN_COMMA = YES;
				CLANG_WARN_CONSTANT_CONVERSION = YES;
				CLANG_WARN_DEPRECATED_OBJC_IMPLEMENTATIONS = YES;
				CLANG_WARN_DIRECT_OBJC_ISA_USAGE = YES_ERROR;
				CLANG_WARN_DOCUMENTATION_COMMENTS = YES;
				CLANG_WARN_EMPTY_BODY = YES;
				CLANG_WARN_ENUM_CONVERSION = YES;
				CLANG_WARN_INFINITE_RECURSION = YES;
				CLANG_WARN_INT_CONVERSION = YES;
				CLANG_WARN_NON_LITERAL_NULL_CONVERSION = YES;
				CLANG_WARN_OBJC_IMPLICIT_RETAIN_SELF = YES;
				CLANG_WARN_OBJC_LITERAL_CONVERSION = YES;
				CLANG_WARN_OBJC_ROOT_CLASS = YES_ERROR;
				CLANG_WARN_QUOTED_INCLUDE_IN_FRAMEWORK_HEADER = YES;
				CLANG_WARN_RANGE_LOOP_ANALYSIS = YES;
				CLANG_WARN_STRICT_PROTOTYPES = YES;
				CLANG_WARN_SUSPICIOUS_MOVE = YES;
				CLANG_WARN_UNGUARDED_AVAILABILITY = YES_AGGRESSIVE;
				CLANG_WARN_UNREACHABLE_CODE = YES;
				CLANG_WARN__DUPLICATE_METHOD_MATCH = YES;
				COPY_PHASE_STRIP = NO;
				DEBUG_INFORMATION_FORMAT = dwarf;
				DEVELOPMENT_TEAM = 4PGNNN9ZX4;
				ENABLE_STRICT_OBJC_MSGSEND = YES;
				ENABLE_TESTABILITY = YES;
				ENABLE_USER_SCRIPT_SANDBOXING = YES;
				GCC_C_LANGUAGE_STANDARD = gnu17;
				GCC_DYNAMIC_NO_PIC = NO;
				GCC_NO_COMMON_BLOCKS = YES;
				GCC_OPTIMIZATION_LEVEL = 0;
				GCC_PREPROCESSOR_DEFINITIONS = (
					"DEBUG=1",
					"$(inherited)",
				);
				GCC_WARN_64_TO_32_BIT_CONVERSION = YES;
				GCC_WARN_ABOUT_RETURN_TYPE = YES_ERROR;
				GCC_WARN_UNDECLARED_SELECTOR = YES;
				GCC_WARN_UNINITIALIZED_AUTOS = YES_AGGRESSIVE;
				GCC_WARN_UNUSED_FUNCTION = YES;
				GCC_WARN_UNUSED_VARIABLE = YES;
				IPHONEOS_DEPLOYMENT_TARGET = 18.5;
				LOCALIZATION_PREFERS_STRING_CATALOGS = YES;
				MTL_ENABLE_DEBUG_INFO = INCLUDE_SOURCE;
				MTL_FAST_MATH = YES;
				ONLY_ACTIVE_ARCH = YES;
				SDKROOT = iphoneos;
			};
			name = Debug;
		};
		04A9F2F32E4ADF58005F3FC2 /* Release */ = {
			isa = XCBuildConfiguration;
			buildSettings = {
				ALWAYS_SEARCH_USER_PATHS = NO;
				ASSETCATALOG_COMPILER_GENERATE_SWIFT_ASSET_SYMBOL_EXTENSIONS = YES;
				CLANG_ANALYZER_NONNULL = YES;
				CLANG_ANALYZER_NUMBER_OBJECT_CONVERSION = YES_AGGRESSIVE;
				CLANG_CXX_LANGUAGE_STANDARD = "gnu++20";
				CLANG_ENABLE_MODULES = YES;
				CLANG_ENABLE_OBJC_ARC = YES;
				CLANG_ENABLE_OBJC_WEAK = YES;
				CLANG_WARN_BLOCK_CAPTURE_AUTORELEASING = YES;
				CLANG_WARN_BOOL_CONVERSION = YES;
				CLANG_WARN_COMMA = YES;
				CLANG_WARN_CONSTANT_CONVERSION = YES;
				CLANG_WARN_DEPRECATED_OBJC_IMPLEMENTATIONS = YES;
				CLANG_WARN_DIRECT_OBJC_ISA_USAGE = YES_ERROR;
				CLANG_WARN_DOCUMENTATION_COMMENTS = YES;
				CLANG_WARN_EMPTY_BODY = YES;
				CLANG_WARN_ENUM_CONVERSION = YES;
				CLANG_WARN_INFINITE_RECURSION = YES;
				CLANG_WARN_INT_CONVERSION = YES;
				CLANG_WARN_NON_LITERAL_NULL_CONVERSION = YES;
				CLANG_WARN_OBJC_IMPLICIT_RETAIN_SELF = YES;
				CLANG_WARN_OBJC_LITERAL_CONVERSION = YES;
				CLANG_WARN_OBJC_ROOT_CLASS = YES_ERROR;
				CLANG_WARN_QUOTED_INCLUDE_IN_FRAMEWORK_HEADER = YES;
				CLANG_WARN_RANGE_LOOP_ANALYSIS = YES;
				CLANG_WARN_STRICT_PROTOTYPES = YES;
				CLANG_WARN_SUSPICIOUS_MOVE = YES;
				CLANG_WARN_UNGUARDED_AVAILABILITY = YES_AGGRESSIVE;
				CLANG_WARN_UNREACHABLE_CODE = YES;
				CLANG_WARN__DUPLICATE_METHOD_MATCH = YES;
				COPY_PHASE_STRIP = NO;
				DEBUG_INFORMATION_FORMAT = "dwarf-with-dsym";
				DEVELOPMENT_TEAM = 4PGNNN9ZX4;
				ENABLE_NS_ASSERTIONS = NO;
				ENABLE_STRICT_OBJC_MSGSEND = YES;
				ENABLE_USER_SCRIPT_SANDBOXING = YES;
				GCC_C_LANGUAGE_STANDARD = gnu17;
				GCC_NO_COMMON_BLOCKS = YES;
				GCC_WARN_64_TO_32_BIT_CONVERSION = YES;
				GCC_WARN_ABOUT_RETURN_TYPE = YES_ERROR;
				GCC_WARN_UNDECLARED_SELECTOR = YES;
				GCC_WARN_UNINITIALIZED_AUTOS = YES_AGGRESSIVE;
				GCC_WARN_UNUSED_FUNCTION = YES;
				GCC_WARN_UNUSED_VARIABLE = YES;
				IPHONEOS_DEPLOYMENT_TARGET = 18.5;
				LOCALIZATION_PREFERS_STRING_CATALOGS = YES;
				MTL_ENABLE_DEBUG_INFO = NO;
				MTL_FAST_MATH = YES;
				SDKROOT = iphoneos;
				VALIDATE_PRODUCT = YES;
			};
			name = Release;
		};
/* End XCBuildConfiguration section */

/* Begin XCConfigurationList section */
		04A9F2D22E4ADF56005F3FC2 /* Build configuration list for PBXProject "Magina" */ = {
			isa = XCConfigurationList;
			buildConfigurations = (
				04A9F2F22E4ADF58005F3FC2 /* Debug */,
				04A9F2F32E4ADF58005F3FC2 /* Release */,
			);
			defaultConfigurationIsVisible = 0;
			defaultConfigurationName = Release;
		};
		04A9F2EF2E4ADF58005F3FC2 /* Build configuration list for PBXNativeTarget "Magina" */ = {
			isa = XCConfigurationList;
			buildConfigurations = (
				04A9F2F02E4ADF58005F3FC2 /* Debug */,
				04A9F2F12E4ADF58005F3FC2 /* Release */,
			);
			defaultConfigurationIsVisible = 0;
			defaultConfigurationName = Release;
		};
/* End XCConfigurationList section */
	};
	rootObject = 04A9F2CF2E4ADF56005F3FC2 /* Project object */;
}
